// !$*UTF8*$!
{
	archiveVersion = 1;
	classes = {
	};
	objectVersion = 77;
	objects = {

/* Begin PBXBuildFile section */
		320927A62C98800A0011F52E /* MyRustLib.xcframework in Frameworks */ = {isa = PBXBuildFile; fileRef = 320927A22C987FA50011F52E /* MyRustLib.xcframework */; };
		320927A72C98800A0011F52E /* MyRustLib.xcframework in Embed Frameworks */ = {isa = PBXBuildFile; fileRef = 320927A22C987FA50011F52E /* MyRustLib.xcframework */; settings = {ATTRIBUTES = (CodeSignOnCopy, RemoveHeadersOnCopy, ); }; };
/* End PBXBuildFile section */

/* Begin PBXCopyFilesBuildPhase section */
		320927A82C98800A0011F52E /* Embed Frameworks */ = {
			isa = PBXCopyFilesBuildPhase;
			buildActionMask = 2147483647;
			dstPath = "";
			dstSubfolderSpec = 10;
			files = (
				320927A72C98800A0011F52E /* MyRustLib.xcframework in Embed Frameworks */,
			);
			name = "Embed Frameworks";
			runOnlyForDeploymentPostprocessing = 0;
		};
/* End PBXCopyFilesBuildPhase section */

/* Begin PBXFileReference section */
		320927692C987FA50011F52E /* module.modulemap */ = {isa = PBXFileReference; lastKnownFileType = "sourcecode.module-map"; path = module.modulemap; sourceTree = "<group>"; };
		3209276A2C987FA50011F52E /* myRustLib.h */ = {isa = PBXFileReference; lastKnownFileType = sourcecode.c.h; path = myRustLib.h; sourceTree = "<group>"; };
		3209276C2C987FA50011F52E /* libmy_rust_lib-ios.a */ = {isa = PBXFileReference; lastKnownFileType = archive.ar; path = "libmy_rust_lib-ios.a"; sourceTree = "<group>"; };
		3209276D2C987FA50011F52E /* libmy_rust_lib-ios-sim.a */ = {isa = PBXFileReference; lastKnownFileType = archive.ar; path = "libmy_rust_lib-ios-sim.a"; sourceTree = "<group>"; };
		3209276F2C987FA50011F52E /* lib.rs */ = {isa = PBXFileReference; lastKnownFileType = text; path = lib.rs; sourceTree = "<group>"; };
		320927712C987FA50011F52E /* dep-lib-my_rust_lib */ = {isa = PBXFileReference; lastKnownFileType = file; path = "dep-lib-my_rust_lib"; sourceTree = "<group>"; };
		320927722C987FA50011F52E /* invoked.timestamp */ = {isa = PBXFileReference; lastKnownFileType = text; path = invoked.timestamp; sourceTree = "<group>"; };
		320927732C987FA50011F52E /* lib-my_rust_lib */ = {isa = PBXFileReference; lastKnownFileType = text; path = "lib-my_rust_lib"; sourceTree = "<group>"; };
		320927742C987FA50011F52E /* lib-my_rust_lib.json */ = {isa = PBXFileReference; lastKnownFileType = text.json; path = "lib-my_rust_lib.json"; sourceTree = "<group>"; };
		320927782C987FA50011F52E /* libmy_rust_lib-d022f8035f86180b.a */ = {isa = PBXFileReference; lastKnownFileType = archive.ar; path = "libmy_rust_lib-d022f8035f86180b.a"; sourceTree = "<group>"; };
		320927792C987FA50011F52E /* my_rust_lib-d022f8035f86180b.d */ = {isa = PBXFileReference; lastKnownFileType = sourcecode.dtrace; path = "my_rust_lib-d022f8035f86180b.d"; sourceTree = "<group>"; };
		3209277D2C987FA50011F52E /* .cargo-lock */ = {isa = PBXFileReference; lastKnownFileType = text; path = ".cargo-lock"; sourceTree = "<group>"; };
		3209277E2C987FA50011F52E /* libmy_rust_lib.a */ = {isa = PBXFileReference; lastKnownFileType = archive.ar; path = libmy_rust_lib.a; sourceTree = "<group>"; };
		3209277F2C987FA50011F52E /* libmy_rust_lib.d */ = {isa = PBXFileReference; lastKnownFileType = sourcecode.dtrace; path = libmy_rust_lib.d; sourceTree = "<group>"; };
		320927812C987FA50011F52E /* CACHEDIR.TAG */ = {isa = PBXFileReference; lastKnownFileType = text; path = CACHEDIR.TAG; sourceTree = "<group>"; };
		320927832C987FA50011F52E /* dep-lib-my_rust_lib */ = {isa = PBXFileReference; lastKnownFileType = file; path = "dep-lib-my_rust_lib"; sourceTree = "<group>"; };
		320927842C987FA50011F52E /* invoked.timestamp */ = {isa = PBXFileReference; lastKnownFileType = text; path = invoked.timestamp; sourceTree = "<group>"; };
		320927852C987FA50011F52E /* lib-my_rust_lib */ = {isa = PBXFileReference; lastKnownFileType = text; path = "lib-my_rust_lib"; sourceTree = "<group>"; };
		320927862C987FA50011F52E /* lib-my_rust_lib.json */ = {isa = PBXFileReference; lastKnownFileType = text.json; path = "lib-my_rust_lib.json"; sourceTree = "<group>"; };
		3209278A2C987FA50011F52E /* libmy_rust_lib-609b3595cd1bf9ca.a */ = {isa = PBXFileReference; lastKnownFileType = archive.ar; path = "libmy_rust_lib-609b3595cd1bf9ca.a"; sourceTree = "<group>"; };
		3209278B2C987FA50011F52E /* my_rust_lib-609b3595cd1bf9ca.d */ = {isa = PBXFileReference; lastKnownFileType = sourcecode.dtrace; path = "my_rust_lib-609b3595cd1bf9ca.d"; sourceTree = "<group>"; };
		3209278F2C987FA50011F52E /* .cargo-lock */ = {isa = PBXFileReference; lastKnownFileType = text; path = ".cargo-lock"; sourceTree = "<group>"; };
		320927902C987FA50011F52E /* libmy_rust_lib.a */ = {isa = PBXFileReference; lastKnownFileType = archive.ar; path = libmy_rust_lib.a; sourceTree = "<group>"; };
		320927912C987FA50011F52E /* libmy_rust_lib.d */ = {isa = PBXFileReference; lastKnownFileType = sourcecode.dtrace; path = libmy_rust_lib.d; sourceTree = "<group>"; };
		320927932C987FA50011F52E /* CACHEDIR.TAG */ = {isa = PBXFileReference; lastKnownFileType = text; path = CACHEDIR.TAG; sourceTree = "<group>"; };
		3209279A2C987FA50011F52E /* .cargo-lock */ = {isa = PBXFileReference; lastKnownFileType = text; path = ".cargo-lock"; sourceTree = "<group>"; };
		3209279C2C987FA50011F52E /* .rustc_info.json */ = {isa = PBXFileReference; lastKnownFileType = text.json; path = .rustc_info.json; sourceTree = "<group>"; };
		3209279D2C987FA50011F52E /* CACHEDIR.TAG */ = {isa = PBXFileReference; lastKnownFileType = text; path = CACHEDIR.TAG; sourceTree = "<group>"; };
		3209279F2C987FA50011F52E /* Cargo.lock */ = {isa = PBXFileReference; lastKnownFileType = text; path = Cargo.lock; sourceTree = "<group>"; };
		320927A02C987FA50011F52E /* Cargo.toml */ = {isa = PBXFileReference; lastKnownFileType = text; path = Cargo.toml; sourceTree = "<group>"; };
		320927A12C987FA50011F52E /* Makefile */ = {isa = PBXFileReference; lastKnownFileType = sourcecode.make; path = Makefile; sourceTree = "<group>"; };
		320927A22C987FA50011F52E /* MyRustLib.xcframework */ = {isa = PBXFileReference; lastKnownFileType = wrapper.xcframework; path = MyRustLib.xcframework; sourceTree = "<group>"; };
		32B258372C98693800538B23 /* FHE Demo.app */ = {isa = PBXFileReference; explicitFileType = wrapper.application; includeInIndex = 0; path = "FHE Demo.app"; sourceTree = BUILT_PRODUCTS_DIR; };
		32B258512C9869A700538B23 /* README.md */ = {isa = PBXFileReference; lastKnownFileType = net.daringfireball.markdown; path = README.md; sourceTree = "<group>"; };
/* End PBXFileReference section */

/* Begin PBXFileSystemSynchronizedRootGroup section */
		32B258392C98693800538B23 /* App */ = {
			isa = PBXFileSystemSynchronizedRootGroup;
			path = App;
			sourceTree = "<group>";
		};
/* End PBXFileSystemSynchronizedRootGroup section */

/* Begin PBXFrameworksBuildPhase section */
		32B258342C98693800538B23 /* Frameworks */ = {
			isa = PBXFrameworksBuildPhase;
			buildActionMask = 2147483647;
			files = (
				320927A62C98800A0011F52E /* MyRustLib.xcframework in Frameworks */,
			);
			runOnlyForDeploymentPostprocessing = 0;
		};
/* End PBXFrameworksBuildPhase section */

/* Begin PBXGroup section */
		3209276B2C987FA50011F52E /* include */ = {
			isa = PBXGroup;
			children = (
				320927692C987FA50011F52E /* module.modulemap */,
				3209276A2C987FA50011F52E /* myRustLib.h */,
			);
			path = include;
			sourceTree = "<group>";
		};
		3209276E2C987FA50011F52E /* libs */ = {
			isa = PBXGroup;
			children = (
				3209276C2C987FA50011F52E /* libmy_rust_lib-ios.a */,
				3209276D2C987FA50011F52E /* libmy_rust_lib-ios-sim.a */,
			);
			path = libs;
			sourceTree = "<group>";
		};
		320927702C987FA50011F52E /* src */ = {
			isa = PBXGroup;
			children = (
				3209276F2C987FA50011F52E /* lib.rs */,
			);
			path = src;
			sourceTree = "<group>";
		};
		320927752C987FA50011F52E /* my-rust-lib-d022f8035f86180b */ = {
			isa = PBXGroup;
			children = (
				320927712C987FA50011F52E /* dep-lib-my_rust_lib */,
				320927722C987FA50011F52E /* invoked.timestamp */,
				320927732C987FA50011F52E /* lib-my_rust_lib */,
				320927742C987FA50011F52E /* lib-my_rust_lib.json */,
			);
			path = "my-rust-lib-d022f8035f86180b";
			sourceTree = "<group>";
		};
		320927762C987FA50011F52E /* .fingerprint */ = {
			isa = PBXGroup;
			children = (
				320927752C987FA50011F52E /* my-rust-lib-d022f8035f86180b */,
			);
			path = .fingerprint;
			sourceTree = "<group>";
		};
		320927772C987FA50011F52E /* build */ = {
			isa = PBXGroup;
			children = (
			);
			path = build;
			sourceTree = "<group>";
		};
		3209277A2C987FA50011F52E /* deps */ = {
			isa = PBXGroup;
			children = (
				320927782C987FA50011F52E /* libmy_rust_lib-d022f8035f86180b.a */,
				320927792C987FA50011F52E /* my_rust_lib-d022f8035f86180b.d */,
			);
			path = deps;
			sourceTree = "<group>";
		};
		3209277B2C987FA50011F52E /* examples */ = {
			isa = PBXGroup;
			children = (
			);
			path = examples;
			sourceTree = "<group>";
		};
		3209277C2C987FA50011F52E /* incremental */ = {
			isa = PBXGroup;
			children = (
			);
			path = incremental;
			sourceTree = "<group>";
		};
		320927802C987FA50011F52E /* release */ = {
			isa = PBXGroup;
			children = (
				320927762C987FA50011F52E /* .fingerprint */,
				320927772C987FA50011F52E /* build */,
				3209277A2C987FA50011F52E /* deps */,
				3209277B2C987FA50011F52E /* examples */,
				3209277C2C987FA50011F52E /* incremental */,
				3209277D2C987FA50011F52E /* .cargo-lock */,
				3209277E2C987FA50011F52E /* libmy_rust_lib.a */,
				3209277F2C987FA50011F52E /* libmy_rust_lib.d */,
			);
			path = release;
			sourceTree = "<group>";
		};
		320927822C987FA50011F52E /* aarch64-apple-ios */ = {
			isa = PBXGroup;
			children = (
				320927802C987FA50011F52E /* release */,
				320927812C987FA50011F52E /* CACHEDIR.TAG */,
			);
			path = "aarch64-apple-ios";
			sourceTree = "<group>";
		};
		320927872C987FA50011F52E /* my-rust-lib-609b3595cd1bf9ca */ = {
			isa = PBXGroup;
			children = (
				320927832C987FA50011F52E /* dep-lib-my_rust_lib */,
				320927842C987FA50011F52E /* invoked.timestamp */,
				320927852C987FA50011F52E /* lib-my_rust_lib */,
				320927862C987FA50011F52E /* lib-my_rust_lib.json */,
			);
			path = "my-rust-lib-609b3595cd1bf9ca";
			sourceTree = "<group>";
		};
		320927882C987FA50011F52E /* .fingerprint */ = {
			isa = PBXGroup;
			children = (
				320927872C987FA50011F52E /* my-rust-lib-609b3595cd1bf9ca */,
			);
			path = .fingerprint;
			sourceTree = "<group>";
		};
		320927892C987FA50011F52E /* build */ = {
			isa = PBXGroup;
			children = (
			);
			path = build;
			sourceTree = "<group>";
		};
		3209278C2C987FA50011F52E /* deps */ = {
			isa = PBXGroup;
			children = (
				3209278A2C987FA50011F52E /* libmy_rust_lib-609b3595cd1bf9ca.a */,
				3209278B2C987FA50011F52E /* my_rust_lib-609b3595cd1bf9ca.d */,
			);
			path = deps;
			sourceTree = "<group>";
		};
		3209278D2C987FA50011F52E /* examples */ = {
			isa = PBXGroup;
			children = (
			);
			path = examples;
			sourceTree = "<group>";
		};
		3209278E2C987FA50011F52E /* incremental */ = {
			isa = PBXGroup;
			children = (
			);
			path = incremental;
			sourceTree = "<group>";
		};
		320927922C987FA50011F52E /* release */ = {
			isa = PBXGroup;
			children = (
				320927882C987FA50011F52E /* .fingerprint */,
				320927892C987FA50011F52E /* build */,
				3209278C2C987FA50011F52E /* deps */,
				3209278D2C987FA50011F52E /* examples */,
				3209278E2C987FA50011F52E /* incremental */,
				3209278F2C987FA50011F52E /* .cargo-lock */,
				320927902C987FA50011F52E /* libmy_rust_lib.a */,
				320927912C987FA50011F52E /* libmy_rust_lib.d */,
			);
			path = release;
			sourceTree = "<group>";
		};
		320927942C987FA50011F52E /* aarch64-apple-ios-sim */ = {
			isa = PBXGroup;
			children = (
				320927922C987FA50011F52E /* release */,
				320927932C987FA50011F52E /* CACHEDIR.TAG */,
			);
			path = "aarch64-apple-ios-sim";
			sourceTree = "<group>";
		};
		320927952C987FA50011F52E /* .fingerprint */ = {
			isa = PBXGroup;
			children = (
			);
			path = .fingerprint;
			sourceTree = "<group>";
		};
		320927962C987FA50011F52E /* build */ = {
			isa = PBXGroup;
			children = (
			);
			path = build;
			sourceTree = "<group>";
		};
		320927972C987FA50011F52E /* deps */ = {
			isa = PBXGroup;
			children = (
			);
			path = deps;
			sourceTree = "<group>";
		};
		320927982C987FA50011F52E /* examples */ = {
			isa = PBXGroup;
			children = (
			);
			path = examples;
			sourceTree = "<group>";
		};
		320927992C987FA50011F52E /* incremental */ = {
			isa = PBXGroup;
			children = (
			);
			path = incremental;
			sourceTree = "<group>";
		};
		3209279B2C987FA50011F52E /* release */ = {
			isa = PBXGroup;
			children = (
				320927952C987FA50011F52E /* .fingerprint */,
				320927962C987FA50011F52E /* build */,
				320927972C987FA50011F52E /* deps */,
				320927982C987FA50011F52E /* examples */,
				320927992C987FA50011F52E /* incremental */,
				3209279A2C987FA50011F52E /* .cargo-lock */,
			);
			path = release;
			sourceTree = "<group>";
		};
		3209279E2C987FA50011F52E /* target */ = {
			isa = PBXGroup;
			children = (
				320927822C987FA50011F52E /* aarch64-apple-ios */,
				320927942C987FA50011F52E /* aarch64-apple-ios-sim */,
				3209279B2C987FA50011F52E /* release */,
				3209279C2C987FA50011F52E /* .rustc_info.json */,
				3209279D2C987FA50011F52E /* CACHEDIR.TAG */,
			);
			path = target;
			sourceTree = "<group>";
		};
		320927A32C987FA50011F52E /* my-rust-lib */ = {
			isa = PBXGroup;
			children = (
				3209276B2C987FA50011F52E /* include */,
				3209276E2C987FA50011F52E /* libs */,
				320927702C987FA50011F52E /* src */,
				3209279E2C987FA50011F52E /* target */,
				3209279F2C987FA50011F52E /* Cargo.lock */,
				320927A02C987FA50011F52E /* Cargo.toml */,
				320927A12C987FA50011F52E /* Makefile */,
				320927A22C987FA50011F52E /* MyRustLib.xcframework */,
			);
			path = "my-rust-lib";
			sourceTree = "<group>";
		};
		320927A42C987FA50011F52E /* Rust */ = {
			isa = PBXGroup;
			children = (
				320927A32C987FA50011F52E /* my-rust-lib */,
			);
			path = Rust;
			sourceTree = "<group>";
		};
		320927A52C98800A0011F52E /* Frameworks */ = {
			isa = PBXGroup;
			children = (
			);
			name = Frameworks;
			sourceTree = "<group>";
		};
		32B2582E2C98693800538B23 = {
			isa = PBXGroup;
			children = (
				32B258512C9869A700538B23 /* README.md */,
				32B258392C98693800538B23 /* App */,
				320927A42C987FA50011F52E /* Rust */,
				320927A52C98800A0011F52E /* Frameworks */,
				32B258382C98693800538B23 /* Products */,
			);
			sourceTree = "<group>";
		};
		32B258382C98693800538B23 /* Products */ = {
			isa = PBXGroup;
			children = (
				32B258372C98693800538B23 /* FHE Demo.app */,
			);
			name = Products;
			sourceTree = "<group>";
		};
/* End PBXGroup section */

/* Begin PBXNativeTarget section */
		32B258362C98693800538B23 /* FHEDemo */ = {
			isa = PBXNativeTarget;
			buildConfigurationList = 32B258452C98693900538B23 /* Build configuration list for PBXNativeTarget "FHEDemo" */;
			buildPhases = (
				32B258332C98693800538B23 /* Sources */,
				32B258342C98693800538B23 /* Frameworks */,
				32B258352C98693800538B23 /* Resources */,
				320927A82C98800A0011F52E /* Embed Frameworks */,
			);
			buildRules = (
			);
			dependencies = (
			);
			fileSystemSynchronizedGroups = (
				32B258392C98693800538B23 /* App */,
			);
			name = FHEDemo;
			packageProductDependencies = (
			);
			productName = FHEDemo;
			productReference = 32B258372C98693800538B23 /* FHE Demo.app */;
			productType = "com.apple.product-type.application";
		};
/* End PBXNativeTarget section */

/* Begin PBXProject section */
		32B2582F2C98693800538B23 /* Project object */ = {
			isa = PBXProject;
			attributes = {
				BuildIndependentTargetsInParallel = 1;
				LastSwiftUpdateCheck = 1600;
				LastUpgradeCheck = 1600;
				ORGANIZATIONNAME = Zama;
				TargetAttributes = {
					32B258362C98693800538B23 = {
						CreatedOnToolsVersion = 16.0;
					};
				};
			};
			buildConfigurationList = 32B258322C98693800538B23 /* Build configuration list for PBXProject "FHEDemo" */;
			developmentRegion = en;
			hasScannedForEncodings = 0;
			knownRegions = (
				en,
				Base,
			);
			mainGroup = 32B2582E2C98693800538B23;
			minimizedProjectReferenceProxies = 1;
			preferredProjectObjectVersion = 77;
			productRefGroup = 32B258382C98693800538B23 /* Products */;
			projectDirPath = "";
			projectRoot = "";
			targets = (
				32B258362C98693800538B23 /* FHEDemo */,
			);
		};
/* End PBXProject section */

/* Begin PBXResourcesBuildPhase section */
		32B258352C98693800538B23 /* Resources */ = {
			isa = PBXResourcesBuildPhase;
			buildActionMask = 2147483647;
			files = (
			);
			runOnlyForDeploymentPostprocessing = 0;
		};
/* End PBXResourcesBuildPhase section */

/* Begin PBXSourcesBuildPhase section */
		32B258332C98693800538B23 /* Sources */ = {
			isa = PBXSourcesBuildPhase;
			buildActionMask = 2147483647;
			files = (
			);
			runOnlyForDeploymentPostprocessing = 0;
		};
/* End PBXSourcesBuildPhase section */

/* Begin XCBuildConfiguration section */
		32B258432C98693900538B23 /* Debug */ = {
			isa = XCBuildConfiguration;
			buildSettings = {
				ALWAYS_SEARCH_USER_PATHS = NO;
				ASSETCATALOG_COMPILER_GENERATE_SWIFT_ASSET_SYMBOL_EXTENSIONS = YES;
				CLANG_ANALYZER_NONNULL = YES;
				CLANG_ANALYZER_NUMBER_OBJECT_CONVERSION = YES_AGGRESSIVE;
				CLANG_CXX_LANGUAGE_STANDARD = "gnu++20";
				CLANG_ENABLE_MODULES = YES;
				CLANG_ENABLE_OBJC_ARC = YES;
				CLANG_ENABLE_OBJC_WEAK = YES;
				CLANG_WARN_BLOCK_CAPTURE_AUTORELEASING = YES;
				CLANG_WARN_BOOL_CONVERSION = YES;
				CLANG_WARN_COMMA = YES;
				CLANG_WARN_CONSTANT_CONVERSION = YES;
				CLANG_WARN_DEPRECATED_OBJC_IMPLEMENTATIONS = YES;
				CLANG_WARN_DIRECT_OBJC_ISA_USAGE = YES_ERROR;
				CLANG_WARN_DOCUMENTATION_COMMENTS = YES;
				CLANG_WARN_EMPTY_BODY = YES;
				CLANG_WARN_ENUM_CONVERSION = YES;
				CLANG_WARN_INFINITE_RECURSION = YES;
				CLANG_WARN_INT_CONVERSION = YES;
				CLANG_WARN_NON_LITERAL_NULL_CONVERSION = YES;
				CLANG_WARN_OBJC_IMPLICIT_RETAIN_SELF = YES;
				CLANG_WARN_OBJC_LITERAL_CONVERSION = YES;
				CLANG_WARN_OBJC_ROOT_CLASS = YES_ERROR;
				CLANG_WARN_QUOTED_INCLUDE_IN_FRAMEWORK_HEADER = YES;
				CLANG_WARN_RANGE_LOOP_ANALYSIS = YES;
				CLANG_WARN_STRICT_PROTOTYPES = YES;
				CLANG_WARN_SUSPICIOUS_MOVE = YES;
				CLANG_WARN_UNGUARDED_AVAILABILITY = YES_AGGRESSIVE;
				CLANG_WARN_UNREACHABLE_CODE = YES;
				CLANG_WARN__DUPLICATE_METHOD_MATCH = YES;
				COPY_PHASE_STRIP = NO;
				DEBUG_INFORMATION_FORMAT = dwarf;
				ENABLE_STRICT_OBJC_MSGSEND = YES;
				ENABLE_TESTABILITY = YES;
				ENABLE_USER_SCRIPT_SANDBOXING = YES;
				GCC_C_LANGUAGE_STANDARD = gnu17;
				GCC_DYNAMIC_NO_PIC = NO;
				GCC_NO_COMMON_BLOCKS = YES;
				GCC_OPTIMIZATION_LEVEL = 0;
				GCC_PREPROCESSOR_DEFINITIONS = (
					"DEBUG=1",
					"$(inherited)",
				);
				GCC_WARN_64_TO_32_BIT_CONVERSION = YES;
				GCC_WARN_ABOUT_RETURN_TYPE = YES_ERROR;
				GCC_WARN_UNDECLARED_SELECTOR = YES;
				GCC_WARN_UNINITIALIZED_AUTOS = YES_AGGRESSIVE;
				GCC_WARN_UNUSED_FUNCTION = YES;
				GCC_WARN_UNUSED_VARIABLE = YES;
				IPHONEOS_DEPLOYMENT_TARGET = 18.0;
				LOCALIZATION_PREFERS_STRING_CATALOGS = YES;
				MTL_ENABLE_DEBUG_INFO = INCLUDE_SOURCE;
				MTL_FAST_MATH = YES;
				ONLY_ACTIVE_ARCH = YES;
				SDKROOT = iphoneos;
				SWIFT_ACTIVE_COMPILATION_CONDITIONS = "DEBUG $(inherited)";
				SWIFT_OPTIMIZATION_LEVEL = "-Onone";
			};
			name = Debug;
		};
		32B258442C98693900538B23 /* Release */ = {
			isa = XCBuildConfiguration;
			buildSettings = {
				ALWAYS_SEARCH_USER_PATHS = NO;
				ASSETCATALOG_COMPILER_GENERATE_SWIFT_ASSET_SYMBOL_EXTENSIONS = YES;
				CLANG_ANALYZER_NONNULL = YES;
				CLANG_ANALYZER_NUMBER_OBJECT_CONVERSION = YES_AGGRESSIVE;
				CLANG_CXX_LANGUAGE_STANDARD = "gnu++20";
				CLANG_ENABLE_MODULES = YES;
				CLANG_ENABLE_OBJC_ARC = YES;
				CLANG_ENABLE_OBJC_WEAK = YES;
				CLANG_WARN_BLOCK_CAPTURE_AUTORELEASING = YES;
				CLANG_WARN_BOOL_CONVERSION = YES;
				CLANG_WARN_COMMA = YES;
				CLANG_WARN_CONSTANT_CONVERSION = YES;
				CLANG_WARN_DEPRECATED_OBJC_IMPLEMENTATIONS = YES;
				CLANG_WARN_DIRECT_OBJC_ISA_USAGE = YES_ERROR;
				CLANG_WARN_DOCUMENTATION_COMMENTS = YES;
				CLANG_WARN_EMPTY_BODY = YES;
				CLANG_WARN_ENUM_CONVERSION = YES;
				CLANG_WARN_INFINITE_RECURSION = YES;
				CLANG_WARN_INT_CONVERSION = YES;
				CLANG_WARN_NON_LITERAL_NULL_CONVERSION = YES;
				CLANG_WARN_OBJC_IMPLICIT_RETAIN_SELF = YES;
				CLANG_WARN_OBJC_LITERAL_CONVERSION = YES;
				CLANG_WARN_OBJC_ROOT_CLASS = YES_ERROR;
				CLANG_WARN_QUOTED_INCLUDE_IN_FRAMEWORK_HEADER = YES;
				CLANG_WARN_RANGE_LOOP_ANALYSIS = YES;
				CLANG_WARN_STRICT_PROTOTYPES = YES;
				CLANG_WARN_SUSPICIOUS_MOVE = YES;
				CLANG_WARN_UNGUARDED_AVAILABILITY = YES_AGGRESSIVE;
				CLANG_WARN_UNREACHABLE_CODE = YES;
				CLANG_WARN__DUPLICATE_METHOD_MATCH = YES;
				COPY_PHASE_STRIP = NO;
				DEBUG_INFORMATION_FORMAT = "dwarf-with-dsym";
				ENABLE_NS_ASSERTIONS = NO;
				ENABLE_STRICT_OBJC_MSGSEND = YES;
				ENABLE_USER_SCRIPT_SANDBOXING = YES;
				GCC_C_LANGUAGE_STANDARD = gnu17;
				GCC_NO_COMMON_BLOCKS = YES;
				GCC_WARN_64_TO_32_BIT_CONVERSION = YES;
				GCC_WARN_ABOUT_RETURN_TYPE = YES_ERROR;
				GCC_WARN_UNDECLARED_SELECTOR = YES;
				GCC_WARN_UNINITIALIZED_AUTOS = YES_AGGRESSIVE;
				GCC_WARN_UNUSED_FUNCTION = YES;
				GCC_WARN_UNUSED_VARIABLE = YES;
				IPHONEOS_DEPLOYMENT_TARGET = 18.0;
				LOCALIZATION_PREFERS_STRING_CATALOGS = YES;
				MTL_ENABLE_DEBUG_INFO = NO;
				MTL_FAST_MATH = YES;
				SDKROOT = iphoneos;
				SWIFT_COMPILATION_MODE = wholemodule;
				VALIDATE_PRODUCT = YES;
			};
			name = Release;
		};
		32B258462C98693900538B23 /* Debug */ = {
			isa = XCBuildConfiguration;
			buildSettings = {
				ASSETCATALOG_COMPILER_APPICON_NAME = AppIcon;
				ASSETCATALOG_COMPILER_GLOBAL_ACCENT_COLOR_NAME = AccentColor;
				CODE_SIGN_STYLE = Automatic;
				CURRENT_PROJECT_VERSION = 1;
				DEVELOPMENT_ASSET_PATHS = "\"App/Preview Content\"";
				DEVELOPMENT_TEAM = JCG5NG5ZNH;
				ENABLE_PREVIEWS = YES;
				GENERATE_INFOPLIST_FILE = YES;
				INFOPLIST_KEY_UIApplicationSceneManifest_Generation = YES;
				INFOPLIST_KEY_UIApplicationSupportsIndirectInputEvents = YES;
				INFOPLIST_KEY_UILaunchScreen_Generation = YES;
				INFOPLIST_KEY_UISupportedInterfaceOrientations_iPad = "UIInterfaceOrientationPortrait UIInterfaceOrientationPortraitUpsideDown UIInterfaceOrientationLandscapeLeft UIInterfaceOrientationLandscapeRight";
				INFOPLIST_KEY_UISupportedInterfaceOrientations_iPhone = "UIInterfaceOrientationPortrait UIInterfaceOrientationLandscapeLeft UIInterfaceOrientationLandscapeRight";
				LD_RUNPATH_SEARCH_PATHS = (
					"$(inherited)",
					"@executable_path/Frameworks",
				);
				MARKETING_VERSION = 1.0;
				PRODUCT_BUNDLE_IDENTIFIER = com.dimdl.zama.FHEDemo;
				PRODUCT_NAME = "FHE Demo";
				SWIFT_EMIT_LOC_STRINGS = YES;
				SWIFT_VERSION = 5.0;
				TARGETED_DEVICE_FAMILY = "1,2";
			};
			name = Debug;
		};
		32B258472C98693900538B23 /* Release */ = {
			isa = XCBuildConfiguration;
			buildSettings = {
				ASSETCATALOG_COMPILER_APPICON_NAME = AppIcon;
				ASSETCATALOG_COMPILER_GLOBAL_ACCENT_COLOR_NAME = AccentColor;
				CODE_SIGN_STYLE = Automatic;
				CURRENT_PROJECT_VERSION = 1;
				DEVELOPMENT_ASSET_PATHS = "\"App/Preview Content\"";
				DEVELOPMENT_TEAM = JCG5NG5ZNH;
				ENABLE_PREVIEWS = YES;
				GENERATE_INFOPLIST_FILE = YES;
				INFOPLIST_KEY_UIApplicationSceneManifest_Generation = YES;
				INFOPLIST_KEY_UIApplicationSupportsIndirectInputEvents = YES;
				INFOPLIST_KEY_UILaunchScreen_Generation = YES;
				INFOPLIST_KEY_UISupportedInterfaceOrientations_iPad = "UIInterfaceOrientationPortrait UIInterfaceOrientationPortraitUpsideDown UIInterfaceOrientationLandscapeLeft UIInterfaceOrientationLandscapeRight";
				INFOPLIST_KEY_UISupportedInterfaceOrientations_iPhone = "UIInterfaceOrientationPortrait UIInterfaceOrientationLandscapeLeft UIInterfaceOrientationLandscapeRight";
				LD_RUNPATH_SEARCH_PATHS = (
					"$(inherited)",
					"@executable_path/Frameworks",
				);
				MARKETING_VERSION = 1.0;
				PRODUCT_BUNDLE_IDENTIFIER = com.dimdl.zama.FHEDemo;
				PRODUCT_NAME = "FHE Demo";
				SWIFT_EMIT_LOC_STRINGS = YES;
				SWIFT_VERSION = 5.0;
				TARGETED_DEVICE_FAMILY = "1,2";
			};
			name = Release;
		};
/* End XCBuildConfiguration section */

/* Begin XCConfigurationList section */
		32B258322C98693800538B23 /* Build configuration list for PBXProject "FHEDemo" */ = {
			isa = XCConfigurationList;
			buildConfigurations = (
				32B258432C98693900538B23 /* Debug */,
				32B258442C98693900538B23 /* Release */,
			);
			defaultConfigurationIsVisible = 0;
			defaultConfigurationName = Release;
		};
		32B258452C98693900538B23 /* Build configuration list for PBXNativeTarget "FHEDemo" */ = {
			isa = XCConfigurationList;
			buildConfigurations = (
				32B258462C98693900538B23 /* Debug */,
				32B258472C98693900538B23 /* Release */,
			);
			defaultConfigurationIsVisible = 0;
			defaultConfigurationName = Release;
		};
/* End XCConfigurationList section */
	};
	rootObject = 32B2582F2C98693800538B23 /* Project object */;
}
