// !$*UTF8*$!
{
	archiveVersion = 1;
	classes = {
	};
	objectVersion = 77;
	objects = {

/* Begin PBXBuildFile section */
		322658962D6E20AD004BB59A /* QuickLook.framework in Frameworks */ = {isa = PBXBuildFile; fileRef = 32543D8C2D47EFA4007600B2 /* QuickLook.framework */; };
		322658A22D6E20AD004BB59A /* QLAdsExtension.appex in Embed Foundation Extensions */ = {isa = PBXBuildFile; fileRef = 322658952D6E20AD004BB59A /* QLAdsExtension.appex */; settings = {ATTRIBUTES = (RemoveHeadersOnCopy, ); }; };
		3226D94C2D38168D00595BBC /* TFHE.xcframework in Frameworks */ = {isa = PBXBuildFile; fileRef = 3226D94B2D38168D00595BBC /* TFHE.xcframework */; };
		3226D9512D3816A500595BBC /* TFHE.xcframework in Frameworks */ = {isa = PBXBuildFile; fileRef = 3226D94B2D38168D00595BBC /* TFHE.xcframework */; };
		322B62082D72210F009881A9 /* ConcreteMLExtensions.xcframework in Frameworks */ = {isa = PBXBuildFile; fileRef = 3226D94E2D38169A00595BBC /* ConcreteMLExtensions.xcframework */; };
		322B62092D72210F009881A9 /* concrete_ml_extensions.swift in Sources */ = {isa = PBXBuildFile; fileRef = 3226D9532D3816DD00595BBC /* concrete_ml_extensions.swift */; };
		322E72BB2CC9A636009B2530 /* Algorithms in Frameworks */ = {isa = PBXBuildFile; productRef = 322E72BA2CC9A636009B2530 /* Algorithms */; };
		324F8E2A2CA43B2100F0BB11 /* QLHealthExtension.appex in Embed Foundation Extensions */ = {isa = PBXBuildFile; fileRef = 324F8E1D2CA43B2100F0BB11 /* QLHealthExtension.appex */; settings = {ATTRIBUTES = (RemoveHeadersOnCopy, ); }; };
		32543D8D2D47EFA4007600B2 /* QuickLook.framework in Frameworks */ = {isa = PBXBuildFile; fileRef = 32543D8C2D47EFA4007600B2 /* QuickLook.framework */; };
		32738D232D89D7870040C27A /* concrete_ml_extensions.swift in Sources */ = {isa = PBXBuildFile; fileRef = 3226D9532D3816DD00595BBC /* concrete_ml_extensions.swift */; };
		32738D242D89D78C0040C27A /* ConcreteMLExtensions.xcframework in Frameworks */ = {isa = PBXBuildFile; fileRef = 3226D94E2D38169A00595BBC /* ConcreteMLExtensions.xcframework */; };
/* End PBXBuildFile section */

/* Begin PBXContainerItemProxy section */
		322658A02D6E20AD004BB59A /* PBXContainerItemProxy */ = {
			isa = PBXContainerItemProxy;
			containerPortal = 32B2582F2C98693800538B23 /* Project object */;
			proxyType = 1;
			remoteGlobalIDString = 322658942D6E20AD004BB59A;
			remoteInfo = TestQuickLookExtension;
		};
		324F8E282CA43B2100F0BB11 /* PBXContainerItemProxy */ = {
			isa = PBXContainerItemProxy;
			containerPortal = 32B2582F2C98693800538B23 /* Project object */;
			proxyType = 1;
			remoteGlobalIDString = 324F8E1C2CA43B2100F0BB11;
			remoteInfo = QuickLookExtension;
		};
/* End PBXContainerItemProxy section */

/* Begin PBXCopyFilesBuildPhase section */
		324F8E2F2CA43B2100F0BB11 /* Embed Foundation Extensions */ = {
			isa = PBXCopyFilesBuildPhase;
			buildActionMask = 2147483647;
			dstPath = "";
			dstSubfolderSpec = 13;
			files = (
				324F8E2A2CA43B2100F0BB11 /* QLHealthExtension.appex in Embed Foundation Extensions */,
				322658A22D6E20AD004BB59A /* QLAdsExtension.appex in Embed Foundation Extensions */,
			);
			name = "Embed Foundation Extensions";
			runOnlyForDeploymentPostprocessing = 0;
		};
/* End PBXCopyFilesBuildPhase section */

/* Begin PBXFileReference section */
		322658952D6E20AD004BB59A /* QLAdsExtension.appex */ = {isa = PBXFileReference; explicitFileType = "wrapper.app-extension"; includeInIndex = 0; path = QLAdsExtension.appex; sourceTree = BUILT_PRODUCTS_DIR; };
		3226D94B2D38168D00595BBC /* TFHE.xcframework */ = {isa = PBXFileReference; lastKnownFileType = wrapper.xcframework; name = TFHE.xcframework; path = Frameworks/TFHE.xcframework; sourceTree = "<group>"; };
		3226D94E2D38169A00595BBC /* ConcreteMLExtensions.xcframework */ = {isa = PBXFileReference; lastKnownFileType = wrapper.xcframework; name = ConcreteMLExtensions.xcframework; path = Frameworks/ConcreteMLExtensions.xcframework; sourceTree = "<group>"; };
		3226D9532D3816DD00595BBC /* concrete_ml_extensions.swift */ = {isa = PBXFileReference; lastKnownFileType = sourcecode.swift; name = concrete_ml_extensions.swift; path = Frameworks/concrete_ml_extensions.swift; sourceTree = "<group>"; };
		324F8E1D2CA43B2100F0BB11 /* QLHealthExtension.appex */ = {isa = PBXFileReference; explicitFileType = "wrapper.app-extension"; includeInIndex = 0; path = QLHealthExtension.appex; sourceTree = BUILT_PRODUCTS_DIR; };
		32543D8C2D47EFA4007600B2 /* QuickLook.framework */ = {isa = PBXFileReference; lastKnownFileType = wrapper.framework; name = QuickLook.framework; path = System/Library/Frameworks/QuickLook.framework; sourceTree = SDKROOT; };
		328F5CB32D009CA800D7B219 /* FHE Ads.app */ = {isa = PBXFileReference; explicitFileType = wrapper.application; includeInIndex = 0; path = "FHE Ads.app"; sourceTree = BUILT_PRODUCTS_DIR; };
		32B258372C98693800538B23 /* ZAMA Data Vault.app */ = {isa = PBXFileReference; explicitFileType = wrapper.application; includeInIndex = 0; path = "ZAMA Data Vault.app"; sourceTree = BUILT_PRODUCTS_DIR; };
		32B258512C9869A700538B23 /* README.md */ = {isa = PBXFileReference; lastKnownFileType = net.daringfireball.markdown; path = README.md; sourceTree = "<group>"; };
		32C9CC202CA565A100AEDA32 /* FHE Health.app */ = {isa = PBXFileReference; explicitFileType = wrapper.application; includeInIndex = 0; path = "FHE Health.app"; sourceTree = BUILT_PRODUCTS_DIR; };
/* End PBXFileReference section */

/* Begin PBXFileSystemSynchronizedBuildFileExceptionSet section */
		320C391B2CAAEEA200528366 /* Exceptions for "Shared" folder in "DataVault" target */ = {
			isa = PBXFileSystemSynchronizedBuildFileExceptionSet;
			membershipExceptions = (
				"Helpers-ConcreteML/ConcreteML.swift",
				"Helpers-TFHE/CompactCiphertextList.swift",
				"Helpers-TFHE/FHEHelpers.swift",
				"Helpers-TFHE/FHEUInt8.swift",
				"Helpers-TFHE/FHEUInt10.swift",
				"Helpers-TFHE/FHEUInt16.swift",
				"Helpers-TFHE/FHEUInt16Array.swift",
				"Helpers-TFHE/Keys/ClientKey.swift",
				"Helpers-TFHE/Keys/PublicKeyCompact.swift",
				"Helpers-TFHE/Keys/ServerKeyCompressed.swift",
				"Helpers-Zama/Files/Persistable.swift",
				"Helpers-Zama/Files/Storage.swift",
				"Helpers-Zama/SleepModels.swift",
				Reusable/AsyncButton.swift,
				Reusable/CopyableText.swift,
				"Reusable/Data+hash.swift",
				"Reusable/Data+snippet.swift",
				Reusable/OnAppearAgain.swift,
				Reusable/OpenAppButton.swift,
				Reusable/PrettyTypeNamable.swift,
				Reusable/UserDefaultsStorage.swift,
				ZamaUI/CustomFont/CustomFont.swift,
				"ZamaUI/CustomFont/Telegraf-Bold.ttf",
				"ZamaUI/CustomFont/Telegraf-Regular.ttf",
				"ZamaUI/CustomFont/Telegraf-UltraBold.ttf",
				ZamaUI/SharedAssets.xcassets,
				ZamaUI/ZamaButtons.swift,
				ZamaUI/ZamaConfig.swift,
				ZamaUI/ZamaLink.swift,
			);
			target = 32B258362C98693800538B23 /* DataVault */;
		};
		320C391D2CAAEEA200528366 /* Exceptions for "Shared" folder in "Health" target */ = {
			isa = PBXFileSystemSynchronizedBuildFileExceptionSet;
			membershipExceptions = (
				"Helpers-Zama/Files/Persistable.swift",
				"Helpers-Zama/Files/Storage.swift",
				"Helpers-Zama/Network.swift",
				"Helpers-Zama/SleepModels.swift",
				Reusable/AsyncButton.swift,
				Reusable/CustomizableCalendar.swift,
				"Reusable/Data+hash.swift",
				"Reusable/Data+snippet.swift",
				Reusable/FilePreview.swift,
				Reusable/NavigationTitleView.swift,
				Reusable/OnAppearAgain.swift,
				Reusable/OpenAppButton.swift,
				Reusable/PrettyTypeNamable.swift,
				Reusable/UserDefaultsStorage.swift,
				ZamaUI/CustomFont/CustomFont.swift,
				"ZamaUI/CustomFont/Telegraf-Bold.ttf",
				"ZamaUI/CustomFont/Telegraf-Regular.ttf",
				"ZamaUI/CustomFont/Telegraf-UltraBold.ttf",
				ZamaUI/SharedAssets.xcassets,
				ZamaUI/ZamaButtons.swift,
				ZamaUI/ZamaConfig.swift,
				ZamaUI/ZamaLink.swift,
			);
			target = 32C9CC1F2CA565A100AEDA32 /* Health */;
		};
		3211F7F32CAAFC4900DC496A /* Exceptions for "Shared" folder in "QLHealthExtension" target */ = {
			isa = PBXFileSystemSynchronizedBuildFileExceptionSet;
			membershipExceptions = (
				"Helpers-TFHE/CompactCiphertextList.swift",
				"Helpers-TFHE/FHEHelpers.swift",
				"Helpers-TFHE/FHEUInt8.swift",
				"Helpers-TFHE/FHEUInt10.swift",
				"Helpers-TFHE/FHEUInt16.swift",
				"Helpers-TFHE/FHEUInt16Array.swift",
				"Helpers-TFHE/Keys/ClientKey.swift",
				"Helpers-TFHE/Keys/PublicKeyCompact.swift",
				"Helpers-TFHE/Keys/ServerKeyCompressed.swift",
				"Helpers-Zama/Files/Persistable.swift",
				"Helpers-Zama/Files/Storage.swift",
				"Helpers-Zama/SleepModels.swift",
				"Reusable/Data+snippet.swift",
				Reusable/PrettyTypeNamable.swift,
				ZamaUI/CustomFont/CustomFont.swift,
				"ZamaUI/CustomFont/Telegraf-Bold.ttf",
				"ZamaUI/CustomFont/Telegraf-Regular.ttf",
				"ZamaUI/CustomFont/Telegraf-UltraBold.ttf",
				ZamaUI/SharedAssets.xcassets,
			);
			target = 324F8E1C2CA43B2100F0BB11 /* QLHealthExtension */;
		};
		3226597E2D6E2C8F004BB59A /* Exceptions for "QLAdsExtension" folder in "QLAdsExtension" target */ = {
			isa = PBXFileSystemSynchronizedBuildFileExceptionSet;
			membershipExceptions = (
				"/Localized: AppSupport/MainInterface.storyboard",
				AdImages,
				AdModel.swift,
				AdView.swift,
				allAds.json,
				PreviewContent.swift,
				PreviewVC.swift,
			);
			target = 322658942D6E20AD004BB59A /* QLAdsExtension */;
		};
		322659832D6E2F50004BB59A /* Exceptions for "Shared" folder in "QLAdsExtension" target */ = {
			isa = PBXFileSystemSynchronizedBuildFileExceptionSet;
			membershipExceptions = (
				"Helpers-ConcreteML/ConcreteML.swift",
				"Helpers-Zama/Files/Storage.swift",
				"Reusable/Data+snippet.swift",
				ZamaUI/CustomFont/CustomFont.swift,
				"ZamaUI/CustomFont/Telegraf-Bold.ttf",
				"ZamaUI/CustomFont/Telegraf-Regular.ttf",
				"ZamaUI/CustomFont/Telegraf-UltraBold.ttf",
			);
			target = 322658942D6E20AD004BB59A /* QLAdsExtension */;
		};
		324F8E2E2CA43B2100F0BB11 /* Exceptions for "QLHealthExtension" folder in "QLHealthExtension" target */ = {
			isa = PBXFileSystemSynchronizedBuildFileExceptionSet;
			membershipExceptions = (
				AppSupport/Info.plist,
			);
			target = 324F8E1C2CA43B2100F0BB11 /* QLHealthExtension */;
		};
		328F5CC22D009FB200D7B219 /* Exceptions for "AdsApp" folder in "Ads" target */ = {
			isa = PBXFileSystemSynchronizedBuildFileExceptionSet;
			membershipExceptions = (
				AppSupport/Info.plist,
			);
			target = 328F5CB22D009CA800D7B219 /* Ads */;
		};
		328F5CC62D00A1AA00D7B219 /* Exceptions for "Shared" folder in "Ads" target */ = {
			isa = PBXFileSystemSynchronizedBuildFileExceptionSet;
			membershipExceptions = (
				"Helpers-Zama/Files/Persistable.swift",
				"Helpers-Zama/Files/Storage.swift",
				"Helpers-Zama/Network.swift",
				Reusable/AsyncButton.swift,
				"Reusable/Data+hash.swift",
				"Reusable/Data+snippet.swift",
				Reusable/FilePreview.swift,
				Reusable/OnAppearAgain.swift,
				Reusable/OpenAppButton.swift,
				Reusable/UserDefaultsStorage.swift,
				ZamaUI/CustomFont/CustomFont.swift,
				"ZamaUI/CustomFont/Telegraf-Bold.ttf",
				"ZamaUI/CustomFont/Telegraf-Regular.ttf",
				"ZamaUI/CustomFont/Telegraf-UltraBold.ttf",
				ZamaUI/SharedAssets.xcassets,
				ZamaUI/ZamaButtons.swift,
				ZamaUI/ZamaConfig.swift,
				ZamaUI/ZamaLink.swift,
			);
			target = 328F5CB22D009CA800D7B219 /* Ads */;
		};
		32B1F8E62CC8F48500CE12F9 /* Exceptions for "HealthApp" folder in "Health" target */ = {
			isa = PBXFileSystemSynchronizedBuildFileExceptionSet;
			membershipExceptions = (
				AppSupport/Info.plist,
			);
			target = 32C9CC1F2CA565A100AEDA32 /* Health */;
		};
		32C9CC4E2CA567D800AEDA32 /* Exceptions for "DataVaultApp" folder in "DataVault" target */ = {
			isa = PBXFileSystemSynchronizedBuildFileExceptionSet;
			membershipExceptions = (
				AppSupport/Info.plist,
			);
			target = 32B258362C98693800538B23 /* DataVault */;
		};
/* End PBXFileSystemSynchronizedBuildFileExceptionSet section */

/* Begin PBXFileSystemSynchronizedRootGroup section */
		32079E3B2CAC3941004EC06A /* Docs */ = {
			isa = PBXFileSystemSynchronizedRootGroup;
			path = Docs;
			sourceTree = "<group>";
		};
		320C391A2CAAEE2900528366 /* Shared */ = {
			isa = PBXFileSystemSynchronizedRootGroup;
			exceptions = (
				320C391B2CAAEEA200528366 /* Exceptions for "Shared" folder in "DataVault" target */,
				320C391D2CAAEEA200528366 /* Exceptions for "Shared" folder in "Health" target */,
				328F5CC62D00A1AA00D7B219 /* Exceptions for "Shared" folder in "Ads" target */,
				3211F7F32CAAFC4900DC496A /* Exceptions for "Shared" folder in "QLHealthExtension" target */,
				322659832D6E2F50004BB59A /* Exceptions for "Shared" folder in "QLAdsExtension" target */,
			);
			path = Shared;
			sourceTree = "<group>";
		};
		320CFB212CAAC47500528366 /* Server */ = {
			isa = PBXFileSystemSynchronizedRootGroup;
			path = Server;
			sourceTree = "<group>";
		};
		3226587F2D6E1EFE004BB59A /* QLAdsExtension */ = {
			isa = PBXFileSystemSynchronizedRootGroup;
			exceptions = (
				3226597E2D6E2C8F004BB59A /* Exceptions for "QLAdsExtension" folder in "QLAdsExtension" target */,
			);
			explicitFolders = (
				AdImages,
			);
			path = QLAdsExtension;
			sourceTree = "<group>";
		};
		324F8E1F2CA43B2100F0BB11 /* QLHealthExtension */ = {
			isa = PBXFileSystemSynchronizedRootGroup;
			exceptions = (
				324F8E2E2CA43B2100F0BB11 /* Exceptions for "QLHealthExtension" folder in "QLHealthExtension" target */,
			);
			path = QLHealthExtension;
			sourceTree = "<group>";
		};
		328F5CB42D009CA800D7B219 /* AdsApp */ = {
			isa = PBXFileSystemSynchronizedRootGroup;
			exceptions = (
				328F5CC22D009FB200D7B219 /* Exceptions for "AdsApp" folder in "Ads" target */,
			);
			path = AdsApp;
			sourceTree = "<group>";
		};
		32C9CC212CA565A100AEDA32 /* HealthApp */ = {
			isa = PBXFileSystemSynchronizedRootGroup;
			exceptions = (
				32B1F8E62CC8F48500CE12F9 /* Exceptions for "HealthApp" folder in "Health" target */,
			);
			path = HealthApp;
			sourceTree = "<group>";
		};
		32C9CC3D2CA566DC00AEDA32 /* DataVaultApp */ = {
			isa = PBXFileSystemSynchronizedRootGroup;
			exceptions = (
				32C9CC4E2CA567D800AEDA32 /* Exceptions for "DataVaultApp" folder in "DataVault" target */,
			);
			path = DataVaultApp;
			sourceTree = "<group>";
		};
/* End PBXFileSystemSynchronizedRootGroup section */

/* Begin PBXFrameworksBuildPhase section */
		322658922D6E20AD004BB59A /* Frameworks */ = {
			isa = PBXFrameworksBuildPhase;
			buildActionMask = 2147483647;
			files = (
				322B62082D72210F009881A9 /* ConcreteMLExtensions.xcframework in Frameworks */,
				322658962D6E20AD004BB59A /* QuickLook.framework in Frameworks */,
			);
			runOnlyForDeploymentPostprocessing = 0;
		};
		324F8E1A2CA43B2100F0BB11 /* Frameworks */ = {
			isa = PBXFrameworksBuildPhase;
			buildActionMask = 2147483647;
			files = (
				3226D9512D3816A500595BBC /* TFHE.xcframework in Frameworks */,
				32543D8D2D47EFA4007600B2 /* QuickLook.framework in Frameworks */,
			);
			runOnlyForDeploymentPostprocessing = 0;
		};
		328F5CB02D009CA800D7B219 /* Frameworks */ = {
			isa = PBXFrameworksBuildPhase;
			buildActionMask = 2147483647;
			files = (
			);
			runOnlyForDeploymentPostprocessing = 0;
		};
		32B258342C98693800538B23 /* Frameworks */ = {
			isa = PBXFrameworksBuildPhase;
			buildActionMask = 2147483647;
			files = (
				3226D94C2D38168D00595BBC /* TFHE.xcframework in Frameworks */,
				322E72BB2CC9A636009B2530 /* Algorithms in Frameworks */,
				32738D242D89D78C0040C27A /* ConcreteMLExtensions.xcframework in Frameworks */,
			);
			runOnlyForDeploymentPostprocessing = 0;
		};
		32C9CC1D2CA565A100AEDA32 /* Frameworks */ = {
			isa = PBXFrameworksBuildPhase;
			buildActionMask = 2147483647;
			files = (
			);
			runOnlyForDeploymentPostprocessing = 0;
		};
/* End PBXFrameworksBuildPhase section */

/* Begin PBXGroup section */
		3226D94A2D38168D00595BBC /* Frameworks */ = {
			isa = PBXGroup;
			children = (
				32543D8C2D47EFA4007600B2 /* QuickLook.framework */,
				3226D9532D3816DD00595BBC /* concrete_ml_extensions.swift */,
				3226D94E2D38169A00595BBC /* ConcreteMLExtensions.xcframework */,
				3226D94B2D38168D00595BBC /* TFHE.xcframework */,
			);
			name = Frameworks;
			sourceTree = "<group>";
		};
		32B2582E2C98693800538B23 = {
			isa = PBXGroup;
			children = (
				32B258512C9869A700538B23 /* README.md */,
				32079E3B2CAC3941004EC06A /* Docs */,
				32C9CC3D2CA566DC00AEDA32 /* DataVaultApp */,
				32C9CC212CA565A100AEDA32 /* HealthApp */,
				324F8E1F2CA43B2100F0BB11 /* QLHealthExtension */,
				3226587F2D6E1EFE004BB59A /* QLAdsExtension */,
				328F5CB42D009CA800D7B219 /* AdsApp */,
				320CFB212CAAC47500528366 /* Server */,
				320C391A2CAAEE2900528366 /* Shared */,
				3226D94A2D38168D00595BBC /* Frameworks */,
				32B258382C98693800538B23 /* Products */,
			);
			sourceTree = "<group>";
		};
		32B258382C98693800538B23 /* Products */ = {
			isa = PBXGroup;
			children = (
				32B258372C98693800538B23 /* ZAMA Data Vault.app */,
				324F8E1D2CA43B2100F0BB11 /* QLHealthExtension.appex */,
				32C9CC202CA565A100AEDA32 /* FHE Health.app */,
				328F5CB32D009CA800D7B219 /* FHE Ads.app */,
				322658952D6E20AD004BB59A /* QLAdsExtension.appex */,
			);
			name = Products;
			sourceTree = "<group>";
		};
/* End PBXGroup section */

/* Begin PBXNativeTarget section */
		322658942D6E20AD004BB59A /* QLAdsExtension */ = {
			isa = PBXNativeTarget;
			buildConfigurationList = 322658A32D6E20AD004BB59A /* Build configuration list for PBXNativeTarget "QLAdsExtension" */;
			buildPhases = (
				322658912D6E20AD004BB59A /* Sources */,
				322658922D6E20AD004BB59A /* Frameworks */,
				322658932D6E20AD004BB59A /* Resources */,
			);
			buildRules = (
			);
			dependencies = (
			);
			name = QLAdsExtension;
			packageProductDependencies = (
			);
			productName = TestQuickLookExtension;
			productReference = 322658952D6E20AD004BB59A /* QLAdsExtension.appex */;
			productType = "com.apple.product-type.app-extension";
		};
		324F8E1C2CA43B2100F0BB11 /* QLHealthExtension */ = {
			isa = PBXNativeTarget;
			buildConfigurationList = 324F8E2B2CA43B2100F0BB11 /* Build configuration list for PBXNativeTarget "QLHealthExtension" */;
			buildPhases = (
				324F8E192CA43B2100F0BB11 /* Sources */,
				324F8E1A2CA43B2100F0BB11 /* Frameworks */,
				324F8E1B2CA43B2100F0BB11 /* Resources */,
			);
			buildRules = (
			);
			dependencies = (
			);
			fileSystemSynchronizedGroups = (
				324F8E1F2CA43B2100F0BB11 /* QLHealthExtension */,
			);
			name = QLHealthExtension;
			packageProductDependencies = (
			);
			productName = QuickLookExtension;
			productReference = 324F8E1D2CA43B2100F0BB11 /* QLHealthExtension.appex */;
			productType = "com.apple.product-type.app-extension";
		};
		328F5CB22D009CA800D7B219 /* Ads */ = {
			isa = PBXNativeTarget;
			buildConfigurationList = 328F5CBE2D009CA900D7B219 /* Build configuration list for PBXNativeTarget "Ads" */;
			buildPhases = (
				328F5CAF2D009CA800D7B219 /* Sources */,
				328F5CB02D009CA800D7B219 /* Frameworks */,
				328F5CB12D009CA800D7B219 /* Resources */,
			);
			buildRules = (
			);
			dependencies = (
			);
			fileSystemSynchronizedGroups = (
				328F5CB42D009CA800D7B219 /* AdsApp */,
			);
			name = Ads;
			packageProductDependencies = (
			);
			productName = "FHE Ad Targeting";
			productReference = 328F5CB32D009CA800D7B219 /* FHE Ads.app */;
			productType = "com.apple.product-type.application";
		};
		32B258362C98693800538B23 /* DataVault */ = {
			isa = PBXNativeTarget;
			buildConfigurationList = 32B258452C98693900538B23 /* Build configuration list for PBXNativeTarget "DataVault" */;
			buildPhases = (
				32B258332C98693800538B23 /* Sources */,
				32B258342C98693800538B23 /* Frameworks */,
				32B258352C98693800538B23 /* Resources */,
				324F8E2F2CA43B2100F0BB11 /* Embed Foundation Extensions */,
			);
			buildRules = (
			);
			dependencies = (
				324F8E292CA43B2100F0BB11 /* PBXTargetDependency */,
				322658A12D6E20AD004BB59A /* PBXTargetDependency */,
			);
			fileSystemSynchronizedGroups = (
				32C9CC3D2CA566DC00AEDA32 /* DataVaultApp */,
			);
			name = DataVault;
			packageProductDependencies = (
				322E72BA2CC9A636009B2530 /* Algorithms */,
			);
			productName = FHEDemo;
			productReference = 32B258372C98693800538B23 /* ZAMA Data Vault.app */;
			productType = "com.apple.product-type.application";
		};
		32C9CC1F2CA565A100AEDA32 /* Health */ = {
			isa = PBXNativeTarget;
			buildConfigurationList = 32C9CC2B2CA565A200AEDA32 /* Build configuration list for PBXNativeTarget "Health" */;
			buildPhases = (
				32C9CC1C2CA565A100AEDA32 /* Sources */,
				32C9CC1D2CA565A100AEDA32 /* Frameworks */,
				32C9CC1E2CA565A100AEDA32 /* Resources */,
			);
			buildRules = (
			);
			dependencies = (
			);
			fileSystemSynchronizedGroups = (
				32C9CC212CA565A100AEDA32 /* HealthApp */,
			);
			name = Health;
			packageProductDependencies = (
			);
			productName = ClientApp;
			productReference = 32C9CC202CA565A100AEDA32 /* FHE Health.app */;
			productType = "com.apple.product-type.application";
		};
/* End PBXNativeTarget section */

/* Begin PBXProject section */
		32B2582F2C98693800538B23 /* Project object */ = {
			isa = PBXProject;
			attributes = {
				BuildIndependentTargetsInParallel = 1;
				LastSwiftUpdateCheck = 1620;
				LastUpgradeCheck = 1630;
				ORGANIZATIONNAME = Zama;
				TargetAttributes = {
					322658942D6E20AD004BB59A = {
						CreatedOnToolsVersion = 16.2;
					};
					324F8E1C2CA43B2100F0BB11 = {
						CreatedOnToolsVersion = 16.0;
					};
					328F5CB22D009CA800D7B219 = {
						CreatedOnToolsVersion = 16.1;
					};
					32B258362C98693800538B23 = {
						CreatedOnToolsVersion = 16.0;
					};
					32C9CC1F2CA565A100AEDA32 = {
						CreatedOnToolsVersion = 16.0;
					};
				};
			};
			buildConfigurationList = 32B258322C98693800538B23 /* Build configuration list for PBXProject "FHEDemo" */;
			developmentRegion = en;
			hasScannedForEncodings = 0;
			knownRegions = (
				en,
				Base,
			);
			mainGroup = 32B2582E2C98693800538B23;
			minimizedProjectReferenceProxies = 1;
			packageReferences = (
				322E72B92CC9A636009B2530 /* XCRemoteSwiftPackageReference "swift-algorithms" */,
			);
			preferredProjectObjectVersion = 77;
			productRefGroup = 32B258382C98693800538B23 /* Products */;
			projectDirPath = "";
			projectRoot = "";
			targets = (
				32B258362C98693800538B23 /* DataVault */,
				32C9CC1F2CA565A100AEDA32 /* Health */,
				328F5CB22D009CA800D7B219 /* Ads */,
				324F8E1C2CA43B2100F0BB11 /* QLHealthExtension */,
				322658942D6E20AD004BB59A /* QLAdsExtension */,
			);
		};
/* End PBXProject section */

/* Begin PBXResourcesBuildPhase section */
		322658932D6E20AD004BB59A /* Resources */ = {
			isa = PBXResourcesBuildPhase;
			buildActionMask = 2147483647;
			files = (
			);
			runOnlyForDeploymentPostprocessing = 0;
		};
		324F8E1B2CA43B2100F0BB11 /* Resources */ = {
			isa = PBXResourcesBuildPhase;
			buildActionMask = 2147483647;
			files = (
			);
			runOnlyForDeploymentPostprocessing = 0;
		};
		328F5CB12D009CA800D7B219 /* Resources */ = {
			isa = PBXResourcesBuildPhase;
			buildActionMask = 2147483647;
			files = (
			);
			runOnlyForDeploymentPostprocessing = 0;
		};
		32B258352C98693800538B23 /* Resources */ = {
			isa = PBXResourcesBuildPhase;
			buildActionMask = 2147483647;
			files = (
			);
			runOnlyForDeploymentPostprocessing = 0;
		};
		32C9CC1E2CA565A100AEDA32 /* Resources */ = {
			isa = PBXResourcesBuildPhase;
			buildActionMask = 2147483647;
			files = (
			);
			runOnlyForDeploymentPostprocessing = 0;
		};
/* End PBXResourcesBuildPhase section */

/* Begin PBXSourcesBuildPhase section */
		322658912D6E20AD004BB59A /* Sources */ = {
			isa = PBXSourcesBuildPhase;
			buildActionMask = 2147483647;
			files = (
				322B62092D72210F009881A9 /* concrete_ml_extensions.swift in Sources */,
			);
			runOnlyForDeploymentPostprocessing = 0;
		};
		324F8E192CA43B2100F0BB11 /* Sources */ = {
			isa = PBXSourcesBuildPhase;
			buildActionMask = 2147483647;
			files = (
			);
			runOnlyForDeploymentPostprocessing = 0;
		};
		328F5CAF2D009CA800D7B219 /* Sources */ = {
			isa = PBXSourcesBuildPhase;
			buildActionMask = 2147483647;
			files = (
			);
			runOnlyForDeploymentPostprocessing = 0;
		};
		32B258332C98693800538B23 /* Sources */ = {
			isa = PBXSourcesBuildPhase;
			buildActionMask = 2147483647;
			files = (
				32738D232D89D7870040C27A /* concrete_ml_extensions.swift in Sources */,
			);
			runOnlyForDeploymentPostprocessing = 0;
		};
		32C9CC1C2CA565A100AEDA32 /* Sources */ = {
			isa = PBXSourcesBuildPhase;
			buildActionMask = 2147483647;
			files = (
			);
			runOnlyForDeploymentPostprocessing = 0;
		};
/* End PBXSourcesBuildPhase section */

/* Begin PBXTargetDependency section */
		322658A12D6E20AD004BB59A /* PBXTargetDependency */ = {
			isa = PBXTargetDependency;
			target = 322658942D6E20AD004BB59A /* QLAdsExtension */;
			targetProxy = 322658A02D6E20AD004BB59A /* PBXContainerItemProxy */;
		};
		324F8E292CA43B2100F0BB11 /* PBXTargetDependency */ = {
			isa = PBXTargetDependency;
			target = 324F8E1C2CA43B2100F0BB11 /* QLHealthExtension */;
			targetProxy = 324F8E282CA43B2100F0BB11 /* PBXContainerItemProxy */;
		};
/* End PBXTargetDependency section */

/* Begin XCBuildConfiguration section */
		322658A42D6E20AD004BB59A /* Debug */ = {
			isa = XCBuildConfiguration;
			buildSettings = {
				CODE_SIGN_ENTITLEMENTS = QLAdsExtension/AppSupport/Entitlements.entitlements;
				CODE_SIGN_STYLE = Automatic;
				GENERATE_INFOPLIST_FILE = YES;
				INFOPLIST_FILE = QLAdsExtension/AppSupport/Info.plist;
				INFOPLIST_KEY_CFBundleDisplayName = "$(TARGET_NAME)";
				INFOPLIST_KEY_NSHumanReadableCopyright = "Copyright © 2025 Zama. All rights reserved.";
				LD_RUNPATH_SEARCH_PATHS = (
					"$(inherited)",
					"@executable_path/Frameworks",
					"@executable_path/../../Frameworks",
				);
				MARKETING_VERSION = 1.0;
				PRODUCT_BUNDLE_IDENTIFIER = ai.zama.fhedemo.datavault.adsQuickLookExtension;
				PRODUCT_NAME = "$(TARGET_NAME)";
				SKIP_INSTALL = YES;
				SWIFT_EMIT_LOC_STRINGS = YES;
				SWIFT_VERSION = 5.0;
				TARGETED_DEVICE_FAMILY = "1,2";
			};
			name = Debug;
		};
		322658A52D6E20AD004BB59A /* Release */ = {
			isa = XCBuildConfiguration;
			buildSettings = {
				CODE_SIGN_ENTITLEMENTS = QLAdsExtension/AppSupport/Entitlements.entitlements;
				CODE_SIGN_STYLE = Automatic;
				GENERATE_INFOPLIST_FILE = YES;
				INFOPLIST_FILE = QLAdsExtension/AppSupport/Info.plist;
				INFOPLIST_KEY_CFBundleDisplayName = "$(TARGET_NAME)";
				INFOPLIST_KEY_NSHumanReadableCopyright = "Copyright © 2025 Zama. All rights reserved.";
				LD_RUNPATH_SEARCH_PATHS = (
					"$(inherited)",
					"@executable_path/Frameworks",
					"@executable_path/../../Frameworks",
				);
				MARKETING_VERSION = 1.0;
				PRODUCT_BUNDLE_IDENTIFIER = ai.zama.fhedemo.datavault.adsQuickLookExtension;
				PRODUCT_NAME = "$(TARGET_NAME)";
				SKIP_INSTALL = YES;
				SWIFT_EMIT_LOC_STRINGS = YES;
				SWIFT_VERSION = 5.0;
				TARGETED_DEVICE_FAMILY = "1,2";
			};
			name = Release;
		};
		324F8E2C2CA43B2100F0BB11 /* Debug */ = {
			isa = XCBuildConfiguration;
			buildSettings = {
				CODE_SIGN_ENTITLEMENTS = QLHealthExtension/AppSupport/Entitlements.entitlements;
				CODE_SIGN_STYLE = Automatic;
				GENERATE_INFOPLIST_FILE = YES;
				INFOPLIST_FILE = QLHealthExtension/AppSupport/Info.plist;
				INFOPLIST_KEY_CFBundleDisplayName = "$(TARGET_NAME)";
				INFOPLIST_KEY_NSHumanReadableCopyright = "Copyright © 2025 Zama. All rights reserved.";
				LD_RUNPATH_SEARCH_PATHS = (
					"$(inherited)",
					"@executable_path/Frameworks",
					"@executable_path/../../Frameworks",
				);
				MARKETING_VERSION = 1.0;
				PRODUCT_BUNDLE_IDENTIFIER = ai.zama.fhedemo.datavault.quickLookExtension;
				PRODUCT_NAME = "$(TARGET_NAME)";
				SKIP_INSTALL = YES;
				SWIFT_EMIT_LOC_STRINGS = YES;
				SWIFT_VERSION = 5.0;
				TARGETED_DEVICE_FAMILY = "1,2";
			};
			name = Debug;
		};
		324F8E2D2CA43B2100F0BB11 /* Release */ = {
			isa = XCBuildConfiguration;
			buildSettings = {
				CODE_SIGN_ENTITLEMENTS = QLHealthExtension/AppSupport/Entitlements.entitlements;
				CODE_SIGN_STYLE = Automatic;
				GENERATE_INFOPLIST_FILE = YES;
				INFOPLIST_FILE = QLHealthExtension/AppSupport/Info.plist;
				INFOPLIST_KEY_CFBundleDisplayName = "$(TARGET_NAME)";
				INFOPLIST_KEY_NSHumanReadableCopyright = "Copyright © 2025 Zama. All rights reserved.";
				LD_RUNPATH_SEARCH_PATHS = (
					"$(inherited)",
					"@executable_path/Frameworks",
					"@executable_path/../../Frameworks",
				);
				MARKETING_VERSION = 1.0;
				PRODUCT_BUNDLE_IDENTIFIER = ai.zama.fhedemo.datavault.quickLookExtension;
				PRODUCT_NAME = "$(TARGET_NAME)";
				SKIP_INSTALL = YES;
				SWIFT_EMIT_LOC_STRINGS = YES;
				SWIFT_VERSION = 5.0;
				TARGETED_DEVICE_FAMILY = "1,2";
			};
			name = Release;
		};
		328F5CBF2D009CA900D7B219 /* Debug */ = {
			isa = XCBuildConfiguration;
			buildSettings = {
				ASSETCATALOG_COMPILER_APPICON_NAME = AppIcon;
				ASSETCATALOG_COMPILER_GLOBAL_ACCENT_COLOR_NAME = AccentColor;
				CODE_SIGN_ENTITLEMENTS = AdsApp/AppSupport/Entitlements.entitlements;
				CODE_SIGN_STYLE = Automatic;
				ENABLE_PREVIEWS = YES;
				GENERATE_INFOPLIST_FILE = YES;
				INFOPLIST_FILE = AdsApp/AppSupport/Info.plist;
				INFOPLIST_KEY_CFBundleDisplayName = "FHE Ads";
				INFOPLIST_KEY_LSApplicationCategoryType = "public.app-category.developer-tools";
				INFOPLIST_KEY_UIApplicationSceneManifest_Generation = YES;
				INFOPLIST_KEY_UIApplicationSupportsIndirectInputEvents = YES;
				INFOPLIST_KEY_UISupportedInterfaceOrientations_iPad = "UIInterfaceOrientationPortrait UIInterfaceOrientationPortraitUpsideDown UIInterfaceOrientationLandscapeLeft UIInterfaceOrientationLandscapeRight";
				INFOPLIST_KEY_UISupportedInterfaceOrientations_iPhone = "UIInterfaceOrientationPortrait UIInterfaceOrientationLandscapeLeft UIInterfaceOrientationLandscapeRight";
				INFOPLIST_KEY_UIUserInterfaceStyle = Light;
				IPHONEOS_DEPLOYMENT_TARGET = 18.0;
				LD_RUNPATH_SEARCH_PATHS = (
					"$(inherited)",
					"@executable_path/Frameworks",
				);
				MARKETING_VERSION = 1.0;
				PRODUCT_BUNDLE_IDENTIFIER = ai.zama.fhedemo.adsTargeting;
				PRODUCT_NAME = "FHE Ads";
				SWIFT_EMIT_LOC_STRINGS = YES;
				SWIFT_VERSION = 5.0;
				TARGETED_DEVICE_FAMILY = "1,2";
			};
			name = Debug;
		};
		328F5CC02D009CA900D7B219 /* Release */ = {
			isa = XCBuildConfiguration;
			buildSettings = {
				ASSETCATALOG_COMPILER_APPICON_NAME = AppIcon;
				ASSETCATALOG_COMPILER_GLOBAL_ACCENT_COLOR_NAME = AccentColor;
				CODE_SIGN_ENTITLEMENTS = AdsApp/AppSupport/Entitlements.entitlements;
				CODE_SIGN_STYLE = Automatic;
				ENABLE_PREVIEWS = YES;
				GENERATE_INFOPLIST_FILE = YES;
				INFOPLIST_FILE = AdsApp/AppSupport/Info.plist;
				INFOPLIST_KEY_CFBundleDisplayName = "FHE Ads";
				INFOPLIST_KEY_LSApplicationCategoryType = "public.app-category.developer-tools";
				INFOPLIST_KEY_UIApplicationSceneManifest_Generation = YES;
				INFOPLIST_KEY_UIApplicationSupportsIndirectInputEvents = YES;
				INFOPLIST_KEY_UISupportedInterfaceOrientations_iPad = "UIInterfaceOrientationPortrait UIInterfaceOrientationPortraitUpsideDown UIInterfaceOrientationLandscapeLeft UIInterfaceOrientationLandscapeRight";
				INFOPLIST_KEY_UISupportedInterfaceOrientations_iPhone = "UIInterfaceOrientationPortrait UIInterfaceOrientationLandscapeLeft UIInterfaceOrientationLandscapeRight";
				INFOPLIST_KEY_UIUserInterfaceStyle = Light;
				IPHONEOS_DEPLOYMENT_TARGET = 18.0;
				LD_RUNPATH_SEARCH_PATHS = (
					"$(inherited)",
					"@executable_path/Frameworks",
				);
				MARKETING_VERSION = 1.0;
				PRODUCT_BUNDLE_IDENTIFIER = ai.zama.fhedemo.adsTargeting;
				PRODUCT_NAME = "FHE Ads";
				SWIFT_EMIT_LOC_STRINGS = YES;
				SWIFT_VERSION = 5.0;
				TARGETED_DEVICE_FAMILY = "1,2";
			};
			name = Release;
		};
		32B258432C98693900538B23 /* Debug */ = {
			isa = XCBuildConfiguration;
			buildSettings = {
				ALWAYS_SEARCH_USER_PATHS = NO;
				ASSETCATALOG_COMPILER_GENERATE_ASSET_SYMBOL_FRAMEWORKS = SwiftUI;
				ASSETCATALOG_COMPILER_GENERATE_SWIFT_ASSET_SYMBOL_EXTENSIONS = YES;
				CLANG_ANALYZER_NONNULL = YES;
				CLANG_ANALYZER_NUMBER_OBJECT_CONVERSION = YES_AGGRESSIVE;
				CLANG_CXX_LANGUAGE_STANDARD = "gnu++20";
				CLANG_ENABLE_MODULES = YES;
				CLANG_ENABLE_OBJC_ARC = YES;
				CLANG_ENABLE_OBJC_WEAK = YES;
				CLANG_WARN_BLOCK_CAPTURE_AUTORELEASING = YES;
				CLANG_WARN_BOOL_CONVERSION = YES;
				CLANG_WARN_COMMA = YES;
				CLANG_WARN_CONSTANT_CONVERSION = YES;
				CLANG_WARN_DEPRECATED_OBJC_IMPLEMENTATIONS = YES;
				CLANG_WARN_DIRECT_OBJC_ISA_USAGE = YES_ERROR;
				CLANG_WARN_DOCUMENTATION_COMMENTS = YES;
				CLANG_WARN_EMPTY_BODY = YES;
				CLANG_WARN_ENUM_CONVERSION = YES;
				CLANG_WARN_INFINITE_RECURSION = YES;
				CLANG_WARN_INT_CONVERSION = YES;
				CLANG_WARN_NON_LITERAL_NULL_CONVERSION = YES;
				CLANG_WARN_OBJC_IMPLICIT_RETAIN_SELF = YES;
				CLANG_WARN_OBJC_LITERAL_CONVERSION = YES;
				CLANG_WARN_OBJC_ROOT_CLASS = YES_ERROR;
				CLANG_WARN_QUOTED_INCLUDE_IN_FRAMEWORK_HEADER = YES;
				CLANG_WARN_RANGE_LOOP_ANALYSIS = YES;
				CLANG_WARN_STRICT_PROTOTYPES = YES;
				CLANG_WARN_SUSPICIOUS_MOVE = YES;
				CLANG_WARN_UNGUARDED_AVAILABILITY = YES_AGGRESSIVE;
				CLANG_WARN_UNREACHABLE_CODE = YES;
				CLANG_WARN__DUPLICATE_METHOD_MATCH = YES;
				COPY_PHASE_STRIP = NO;
				CURRENT_PROJECT_VERSION = 12;
				DEBUG_INFORMATION_FORMAT = dwarf;
				DEVELOPMENT_TEAM = 2FFZB9H65L;
				ENABLE_STRICT_OBJC_MSGSEND = YES;
				ENABLE_TESTABILITY = YES;
				ENABLE_USER_SCRIPT_SANDBOXING = YES;
				GCC_C_LANGUAGE_STANDARD = gnu17;
				GCC_DYNAMIC_NO_PIC = NO;
				GCC_NO_COMMON_BLOCKS = YES;
				GCC_OPTIMIZATION_LEVEL = 0;
				GCC_PREPROCESSOR_DEFINITIONS = (
					"DEBUG=1",
					"$(inherited)",
				);
				GCC_WARN_64_TO_32_BIT_CONVERSION = YES;
				GCC_WARN_ABOUT_RETURN_TYPE = YES_ERROR;
				GCC_WARN_UNDECLARED_SELECTOR = YES;
				GCC_WARN_UNINITIALIZED_AUTOS = YES_AGGRESSIVE;
				GCC_WARN_UNUSED_FUNCTION = YES;
				GCC_WARN_UNUSED_VARIABLE = YES;
				IPHONEOS_DEPLOYMENT_TARGET = 18.0;
				LOCALIZATION_PREFERS_STRING_CATALOGS = YES;
				MTL_ENABLE_DEBUG_INFO = INCLUDE_SOURCE;
				MTL_FAST_MATH = YES;
				ONLY_ACTIVE_ARCH = YES;
				SDKROOT = iphoneos;
				SWIFT_ACTIVE_COMPILATION_CONDITIONS = "DEBUG $(inherited)";
				SWIFT_OPTIMIZATION_LEVEL = "-Onone";
			};
			name = Debug;
		};
		32B258442C98693900538B23 /* Release */ = {
			isa = XCBuildConfiguration;
			buildSettings = {
				ALWAYS_SEARCH_USER_PATHS = NO;
				ASSETCATALOG_COMPILER_GENERATE_ASSET_SYMBOL_FRAMEWORKS = SwiftUI;
				ASSETCATALOG_COMPILER_GENERATE_SWIFT_ASSET_SYMBOL_EXTENSIONS = YES;
				CLANG_ANALYZER_NONNULL = YES;
				CLANG_ANALYZER_NUMBER_OBJECT_CONVERSION = YES_AGGRESSIVE;
				CLANG_CXX_LANGUAGE_STANDARD = "gnu++20";
				CLANG_ENABLE_MODULES = YES;
				CLANG_ENABLE_OBJC_ARC = YES;
				CLANG_ENABLE_OBJC_WEAK = YES;
				CLANG_WARN_BLOCK_CAPTURE_AUTORELEASING = YES;
				CLANG_WARN_BOOL_CONVERSION = YES;
				CLANG_WARN_COMMA = YES;
				CLANG_WARN_CONSTANT_CONVERSION = YES;
				CLANG_WARN_DEPRECATED_OBJC_IMPLEMENTATIONS = YES;
				CLANG_WARN_DIRECT_OBJC_ISA_USAGE = YES_ERROR;
				CLANG_WARN_DOCUMENTATION_COMMENTS = YES;
				CLANG_WARN_EMPTY_BODY = YES;
				CLANG_WARN_ENUM_CONVERSION = YES;
				CLANG_WARN_INFINITE_RECURSION = YES;
				CLANG_WARN_INT_CONVERSION = YES;
				CLANG_WARN_NON_LITERAL_NULL_CONVERSION = YES;
				CLANG_WARN_OBJC_IMPLICIT_RETAIN_SELF = YES;
				CLANG_WARN_OBJC_LITERAL_CONVERSION = YES;
				CLANG_WARN_OBJC_ROOT_CLASS = YES_ERROR;
				CLANG_WARN_QUOTED_INCLUDE_IN_FRAMEWORK_HEADER = YES;
				CLANG_WARN_RANGE_LOOP_ANALYSIS = YES;
				CLANG_WARN_STRICT_PROTOTYPES = YES;
				CLANG_WARN_SUSPICIOUS_MOVE = YES;
				CLANG_WARN_UNGUARDED_AVAILABILITY = YES_AGGRESSIVE;
				CLANG_WARN_UNREACHABLE_CODE = YES;
				CLANG_WARN__DUPLICATE_METHOD_MATCH = YES;
				COPY_PHASE_STRIP = NO;
				CURRENT_PROJECT_VERSION = 12;
				DEBUG_INFORMATION_FORMAT = "dwarf-with-dsym";
				DEVELOPMENT_TEAM = 2FFZB9H65L;
				ENABLE_NS_ASSERTIONS = NO;
				ENABLE_STRICT_OBJC_MSGSEND = YES;
				ENABLE_USER_SCRIPT_SANDBOXING = YES;
				GCC_C_LANGUAGE_STANDARD = gnu17;
				GCC_NO_COMMON_BLOCKS = YES;
				GCC_WARN_64_TO_32_BIT_CONVERSION = YES;
				GCC_WARN_ABOUT_RETURN_TYPE = YES_ERROR;
				GCC_WARN_UNDECLARED_SELECTOR = YES;
				GCC_WARN_UNINITIALIZED_AUTOS = YES_AGGRESSIVE;
				GCC_WARN_UNUSED_FUNCTION = YES;
				GCC_WARN_UNUSED_VARIABLE = YES;
				IPHONEOS_DEPLOYMENT_TARGET = 18.0;
				LOCALIZATION_PREFERS_STRING_CATALOGS = YES;
				MTL_ENABLE_DEBUG_INFO = NO;
				MTL_FAST_MATH = YES;
				SDKROOT = iphoneos;
				SWIFT_COMPILATION_MODE = wholemodule;
				VALIDATE_PRODUCT = YES;
			};
			name = Release;
		};
		32B258462C98693900538B23 /* Debug */ = {
			isa = XCBuildConfiguration;
			buildSettings = {
				ASSETCATALOG_COMPILER_APPICON_NAME = AppIcon;
				ASSETCATALOG_COMPILER_GLOBAL_ACCENT_COLOR_NAME = AccentColor;
				CODE_SIGN_ENTITLEMENTS = DataVaultApp/AppSupport/Entitlements.entitlements;
				CODE_SIGN_STYLE = Automatic;
				ENABLE_PREVIEWS = YES;
				GENERATE_INFOPLIST_FILE = YES;
				INFOPLIST_FILE = DataVaultApp/AppSupport/Info.plist;
				INFOPLIST_KEY_LSApplicationCategoryType = "public.app-category.developer-tools";
				INFOPLIST_KEY_NSHealthShareUsageDescription = "Sleep and Weight data will be FHE-encrypted for privacy-preserving use in other apps.";
				INFOPLIST_KEY_NSHealthUpdateUsageDescription = "Sleep and Weight data will be FHE-encrypted for privacy-preserving use in other apps.";
				INFOPLIST_KEY_UIApplicationSceneManifest_Generation = YES;
				INFOPLIST_KEY_UIApplicationSupportsIndirectInputEvents = YES;
				INFOPLIST_KEY_UILaunchScreen_Generation = YES;
				INFOPLIST_KEY_UISupportedInterfaceOrientations_iPad = "UIInterfaceOrientationPortrait UIInterfaceOrientationPortraitUpsideDown UIInterfaceOrientationLandscapeLeft UIInterfaceOrientationLandscapeRight";
				INFOPLIST_KEY_UISupportedInterfaceOrientations_iPhone = "UIInterfaceOrientationPortrait UIInterfaceOrientationLandscapeLeft UIInterfaceOrientationLandscapeRight";
				INFOPLIST_KEY_UIUserInterfaceStyle = Light;
				LD_RUNPATH_SEARCH_PATHS = (
					"$(inherited)",
					"@executable_path/Frameworks",
				);
				MARKETING_VERSION = 1.0;
				PRODUCT_BUNDLE_IDENTIFIER = ai.zama.fhedemo.datavault;
				PRODUCT_NAME = "ZAMA Data Vault";
				SWIFT_EMIT_LOC_STRINGS = YES;
				SWIFT_VERSION = 5.0;
				TARGETED_DEVICE_FAMILY = "1,2";
			};
			name = Debug;
		};
		32B258472C98693900538B23 /* Release */ = {
			isa = XCBuildConfiguration;
			buildSettings = {
				ASSETCATALOG_COMPILER_APPICON_NAME = AppIcon;
				ASSETCATALOG_COMPILER_GLOBAL_ACCENT_COLOR_NAME = AccentColor;
				CODE_SIGN_ENTITLEMENTS = DataVaultApp/AppSupport/Entitlements.entitlements;
				CODE_SIGN_STYLE = Automatic;
				ENABLE_PREVIEWS = YES;
				GENERATE_INFOPLIST_FILE = YES;
				INFOPLIST_FILE = DataVaultApp/AppSupport/Info.plist;
				INFOPLIST_KEY_LSApplicationCategoryType = "public.app-category.developer-tools";
				INFOPLIST_KEY_NSHealthShareUsageDescription = "Sleep and Weight data will be FHE-encrypted for privacy-preserving use in other apps.";
				INFOPLIST_KEY_NSHealthUpdateUsageDescription = "Sleep and Weight data will be FHE-encrypted for privacy-preserving use in other apps.";
				INFOPLIST_KEY_UIApplicationSceneManifest_Generation = YES;
				INFOPLIST_KEY_UIApplicationSupportsIndirectInputEvents = YES;
				INFOPLIST_KEY_UILaunchScreen_Generation = YES;
				INFOPLIST_KEY_UISupportedInterfaceOrientations_iPad = "UIInterfaceOrientationPortrait UIInterfaceOrientationPortraitUpsideDown UIInterfaceOrientationLandscapeLeft UIInterfaceOrientationLandscapeRight";
				INFOPLIST_KEY_UISupportedInterfaceOrientations_iPhone = "UIInterfaceOrientationPortrait UIInterfaceOrientationLandscapeLeft UIInterfaceOrientationLandscapeRight";
				INFOPLIST_KEY_UIUserInterfaceStyle = Light;
				LD_RUNPATH_SEARCH_PATHS = (
					"$(inherited)",
					"@executable_path/Frameworks",
				);
				MARKETING_VERSION = 1.0;
				PRODUCT_BUNDLE_IDENTIFIER = ai.zama.fhedemo.datavault;
				PRODUCT_NAME = "ZAMA Data Vault";
				SWIFT_EMIT_LOC_STRINGS = YES;
				SWIFT_VERSION = 5.0;
				TARGETED_DEVICE_FAMILY = "1,2";
			};
			name = Release;
		};
		32C9CC2C2CA565A200AEDA32 /* Debug */ = {
			isa = XCBuildConfiguration;
			buildSettings = {
				ASSETCATALOG_COMPILER_APPICON_NAME = AppIcon;
				ASSETCATALOG_COMPILER_GLOBAL_ACCENT_COLOR_NAME = AccentColor;
				CODE_SIGN_ENTITLEMENTS = HealthApp/AppSupport/Entitlements.entitlements;
				CODE_SIGN_STYLE = Automatic;
				ENABLE_PREVIEWS = YES;
				GENERATE_INFOPLIST_FILE = YES;
				INFOPLIST_FILE = HealthApp/AppSupport/Info.plist;
				INFOPLIST_KEY_CFBundleDisplayName = "FHE Health";
				INFOPLIST_KEY_LSApplicationCategoryType = "public.app-category.developer-tools";
				INFOPLIST_KEY_UIApplicationSceneManifest_Generation = YES;
				INFOPLIST_KEY_UIApplicationSupportsIndirectInputEvents = YES;
				INFOPLIST_KEY_UISupportedInterfaceOrientations_iPad = "UIInterfaceOrientationPortrait UIInterfaceOrientationPortraitUpsideDown UIInterfaceOrientationLandscapeLeft UIInterfaceOrientationLandscapeRight";
				INFOPLIST_KEY_UISupportedInterfaceOrientations_iPhone = "UIInterfaceOrientationPortrait UIInterfaceOrientationLandscapeLeft UIInterfaceOrientationLandscapeRight";
				INFOPLIST_KEY_UIUserInterfaceStyle = Light;
				LD_RUNPATH_SEARCH_PATHS = (
					"$(inherited)",
					"@executable_path/Frameworks",
				);
				MARKETING_VERSION = 1.0;
				PRODUCT_BUNDLE_IDENTIFIER = ai.zama.fhedemo.health;
				PRODUCT_NAME = "FHE Health";
				SWIFT_EMIT_LOC_STRINGS = YES;
				SWIFT_VERSION = 5.0;
				TARGETED_DEVICE_FAMILY = "1,2";
			};
			name = Debug;
		};
		32C9CC2D2CA565A200AEDA32 /* Release */ = {
			isa = XCBuildConfiguration;
			buildSettings = {
				ASSETCATALOG_COMPILER_APPICON_NAME = AppIcon;
				ASSETCATALOG_COMPILER_GLOBAL_ACCENT_COLOR_NAME = AccentColor;
				CODE_SIGN_ENTITLEMENTS = HealthApp/AppSupport/Entitlements.entitlements;
				CODE_SIGN_STYLE = Automatic;
				ENABLE_PREVIEWS = YES;
				GENERATE_INFOPLIST_FILE = YES;
				INFOPLIST_FILE = HealthApp/AppSupport/Info.plist;
				INFOPLIST_KEY_CFBundleDisplayName = "FHE Health";
				INFOPLIST_KEY_LSApplicationCategoryType = "public.app-category.developer-tools";
				INFOPLIST_KEY_UIApplicationSceneManifest_Generation = YES;
				INFOPLIST_KEY_UIApplicationSupportsIndirectInputEvents = YES;
				INFOPLIST_KEY_UISupportedInterfaceOrientations_iPad = "UIInterfaceOrientationPortrait UIInterfaceOrientationPortraitUpsideDown UIInterfaceOrientationLandscapeLeft UIInterfaceOrientationLandscapeRight";
				INFOPLIST_KEY_UISupportedInterfaceOrientations_iPhone = "UIInterfaceOrientationPortrait UIInterfaceOrientationLandscapeLeft UIInterfaceOrientationLandscapeRight";
				INFOPLIST_KEY_UIUserInterfaceStyle = Light;
				LD_RUNPATH_SEARCH_PATHS = (
					"$(inherited)",
					"@executable_path/Frameworks",
				);
				MARKETING_VERSION = 1.0;
				PRODUCT_BUNDLE_IDENTIFIER = ai.zama.fhedemo.health;
				PRODUCT_NAME = "FHE Health";
				SWIFT_EMIT_LOC_STRINGS = YES;
				SWIFT_VERSION = 5.0;
				TARGETED_DEVICE_FAMILY = "1,2";
			};
			name = Release;
		};
/* End XCBuildConfiguration section */

/* Begin XCConfigurationList section */
		322658A32D6E20AD004BB59A /* Build configuration list for PBXNativeTarget "QLAdsExtension" */ = {
			isa = XCConfigurationList;
			buildConfigurations = (
				322658A42D6E20AD004BB59A /* Debug */,
				322658A52D6E20AD004BB59A /* Release */,
			);
			defaultConfigurationIsVisible = 0;
			defaultConfigurationName = Release;
		};
		324F8E2B2CA43B2100F0BB11 /* Build configuration list for PBXNativeTarget "QLHealthExtension" */ = {
			isa = XCConfigurationList;
			buildConfigurations = (
				324F8E2C2CA43B2100F0BB11 /* Debug */,
				324F8E2D2CA43B2100F0BB11 /* Release */,
			);
			defaultConfigurationIsVisible = 0;
			defaultConfigurationName = Release;
		};
		328F5CBE2D009CA900D7B219 /* Build configuration list for PBXNativeTarget "Ads" */ = {
			isa = XCConfigurationList;
			buildConfigurations = (
				328F5CBF2D009CA900D7B219 /* Debug */,
				328F5CC02D009CA900D7B219 /* Release */,
			);
			defaultConfigurationIsVisible = 0;
			defaultConfigurationName = Release;
		};
		32B258322C98693800538B23 /* Build configuration list for PBXProject "FHEDemo" */ = {
			isa = XCConfigurationList;
			buildConfigurations = (
				32B258432C98693900538B23 /* Debug */,
				32B258442C98693900538B23 /* Release */,
			);
			defaultConfigurationIsVisible = 0;
			defaultConfigurationName = Release;
		};
		32B258452C98693900538B23 /* Build configuration list for PBXNativeTarget "DataVault" */ = {
			isa = XCConfigurationList;
			buildConfigurations = (
				32B258462C98693900538B23 /* Debug */,
				32B258472C98693900538B23 /* Release */,
			);
			defaultConfigurationIsVisible = 0;
			defaultConfigurationName = Release;
		};
		32C9CC2B2CA565A200AEDA32 /* Build configuration list for PBXNativeTarget "Health" */ = {
			isa = XCConfigurationList;
			buildConfigurations = (
				32C9CC2C2CA565A200AEDA32 /* Debug */,
				32C9CC2D2CA565A200AEDA32 /* Release */,
			);
			defaultConfigurationIsVisible = 0;
			defaultConfigurationName = Release;
		};
/* End XCConfigurationList section */

/* Begin XCRemoteSwiftPackageReference section */
		322E72B92CC9A636009B2530 /* XCRemoteSwiftPackageReference "swift-algorithms" */ = {
			isa = XCRemoteSwiftPackageReference;
			repositoryURL = "https://github.com/apple/swift-algorithms.git";
			requirement = {
				kind = upToNextMajorVersion;
				minimumVersion = 1.2.0;
			};
		};
/* End XCRemoteSwiftPackageReference section */

/* Begin XCSwiftPackageProductDependency section */
		322E72BA2CC9A636009B2530 /* Algorithms */ = {
			isa = XCSwiftPackageProductDependency;
			package = 322E72B92CC9A636009B2530 /* XCRemoteSwiftPackageReference "swift-algorithms" */;
			productName = Algorithms;
		};
/* End XCSwiftPackageProductDependency section */
	};
	rootObject = 32B2582F2C98693800538B23 /* Project object */;
}
