// !$*UTF8*$!
{
	archiveVersion = 1;
	classes = {
	};
	objectVersion = 77;
	objects = {

/* Begin PBXBuildFile section */
		324F8E1E2CA43B2100F0BB11 /* QuickLook.framework in Frameworks */ = {isa = PBXBuildFile; fileRef = 32F029DA2CA37007009B522D /* QuickLook.framework */; };
		324F8E2A2CA43B2100F0BB11 /* FHE QuickLookExtension.appex in Embed Foundation Extensions */ = {isa = PBXBuildFile; fileRef = 324F8E1D2CA43B2100F0BB11 /* FHE QuickLookExtension.appex */; settings = {ATTRIBUTES = (RemoveHeadersOnCopy, ); }; };
		324F8E3D2CA47BF900F0BB11 /* TFHE.xcframework in Frameworks */ = {isa = PBXBuildFile; fileRef = 3250B3C82C9B2C8B009B48C3 /* TFHE.xcframework */; };
		324F8E3E2CA47BF900F0BB11 /* TFHE.xcframework in Embed Frameworks */ = {isa = PBXBuildFile; fileRef = 3250B3C82C9B2C8B009B48C3 /* TFHE.xcframework */; settings = {ATTRIBUTES = (CodeSignOnCopy, RemoveHeadersOnCopy, ); }; };
		3250B3C92C9B2C8B009B48C3 /* TFHE.xcframework in Frameworks */ = {isa = PBXBuildFile; fileRef = 3250B3C82C9B2C8B009B48C3 /* TFHE.xcframework */; };
		3250B3CA2C9B2C8B009B48C3 /* TFHE.xcframework in Embed Frameworks */ = {isa = PBXBuildFile; fileRef = 3250B3C82C9B2C8B009B48C3 /* TFHE.xcframework */; settings = {ATTRIBUTES = (CodeSignOnCopy, RemoveHeadersOnCopy, ); }; };
		3275F5B42CA1658B001E7377 /* TFHE.xcframework in Frameworks */ = {isa = PBXBuildFile; fileRef = 3250B3C82C9B2C8B009B48C3 /* TFHE.xcframework */; };
		3275F5B52CA1658B001E7377 /* TFHE.xcframework in Embed Frameworks */ = {isa = PBXBuildFile; fileRef = 3250B3C82C9B2C8B009B48C3 /* TFHE.xcframework */; settings = {ATTRIBUTES = (CodeSignOnCopy, RemoveHeadersOnCopy, ); }; };
/* End PBXBuildFile section */

/* Begin PBXContainerItemProxy section */
		324F8E282CA43B2100F0BB11 /* PBXContainerItemProxy */ = {
			isa = PBXContainerItemProxy;
			containerPortal = 32B2582F2C98693800538B23 /* Project object */;
			proxyType = 1;
			remoteGlobalIDString = 324F8E1C2CA43B2100F0BB11;
			remoteInfo = QuickLookExtension;
		};
/* End PBXContainerItemProxy section */

/* Begin PBXCopyFilesBuildPhase section */
		320927A82C98800A0011F52E /* Embed Frameworks */ = {
			isa = PBXCopyFilesBuildPhase;
			buildActionMask = 2147483647;
			dstPath = "";
			dstSubfolderSpec = 10;
			files = (
				3250B3CA2C9B2C8B009B48C3 /* TFHE.xcframework in Embed Frameworks */,
			);
			name = "Embed Frameworks";
			runOnlyForDeploymentPostprocessing = 0;
		};
		324F8E2F2CA43B2100F0BB11 /* Embed Foundation Extensions */ = {
			isa = PBXCopyFilesBuildPhase;
			buildActionMask = 2147483647;
			dstPath = "";
			dstSubfolderSpec = 13;
			files = (
				324F8E2A2CA43B2100F0BB11 /* FHE QuickLookExtension.appex in Embed Foundation Extensions */,
			);
			name = "Embed Foundation Extensions";
			runOnlyForDeploymentPostprocessing = 0;
		};
		324F8E3F2CA47BF900F0BB11 /* Embed Frameworks */ = {
			isa = PBXCopyFilesBuildPhase;
			buildActionMask = 2147483647;
			dstPath = "";
			dstSubfolderSpec = 10;
			files = (
				324F8E3E2CA47BF900F0BB11 /* TFHE.xcframework in Embed Frameworks */,
			);
			name = "Embed Frameworks";
			runOnlyForDeploymentPostprocessing = 0;
		};
		3275F5B62CA1658B001E7377 /* Embed Frameworks */ = {
			isa = PBXCopyFilesBuildPhase;
			buildActionMask = 2147483647;
			dstPath = "";
			dstSubfolderSpec = 10;
			files = (
				3275F5B52CA1658B001E7377 /* TFHE.xcframework in Embed Frameworks */,
			);
			name = "Embed Frameworks";
			runOnlyForDeploymentPostprocessing = 0;
		};
/* End PBXCopyFilesBuildPhase section */

/* Begin PBXFileReference section */
		324F8E1D2CA43B2100F0BB11 /* FHE QuickLookExtension.appex */ = {isa = PBXFileReference; explicitFileType = "wrapper.app-extension"; includeInIndex = 0; path = "FHE QuickLookExtension.appex"; sourceTree = BUILT_PRODUCTS_DIR; };
		3250B3C82C9B2C8B009B48C3 /* TFHE.xcframework */ = {isa = PBXFileReference; lastKnownFileType = wrapper.xcframework; path = TFHE.xcframework; sourceTree = "<group>"; };
		3275F5A42CA16515001E7377 /* FHE Server.app */ = {isa = PBXFileReference; explicitFileType = wrapper.application; includeInIndex = 0; path = "FHE Server.app"; sourceTree = BUILT_PRODUCTS_DIR; };
		32B258372C98693800538B23 /* FHE Bridge.app */ = {isa = PBXFileReference; explicitFileType = wrapper.application; includeInIndex = 0; path = "FHE Bridge.app"; sourceTree = BUILT_PRODUCTS_DIR; };
		32B258512C9869A700538B23 /* README.md */ = {isa = PBXFileReference; lastKnownFileType = net.daringfireball.markdown; path = README.md; sourceTree = "<group>"; };
		32C9CC202CA565A100AEDA32 /* FHE Client.app */ = {isa = PBXFileReference; explicitFileType = wrapper.application; includeInIndex = 0; path = "FHE Client.app"; sourceTree = BUILT_PRODUCTS_DIR; };
		32F029DA2CA37007009B522D /* QuickLook.framework */ = {isa = PBXFileReference; lastKnownFileType = wrapper.framework; name = QuickLook.framework; path = System/Library/Frameworks/QuickLook.framework; sourceTree = SDKROOT; };
/* End PBXFileReference section */

/* Begin PBXFileSystemSynchronizedBuildFileExceptionSet section */
		324F8E2E2CA43B2100F0BB11 /* Exceptions for "QuickLookExtension" folder in "QLExtension" target */ = {
			isa = PBXFileSystemSynchronizedBuildFileExceptionSet;
			membershipExceptions = (
				Info.plist,
			);
			target = 324F8E1C2CA43B2100F0BB11 /* QLExtension */;
		};
		324F8E352CA44B1B00F0BB11 /* Exceptions for "QuickLookExtension" folder in "Server" target */ = {
			isa = PBXFileSystemSynchronizedBuildFileExceptionSet;
			membershipExceptions = (
				PrivateDataRing.swift,
				PrivateViews.swift,
			);
			target = 3275F5A32CA16515001E7377 /* Server */;
		};
		32C9CC4D2CA567A600AEDA32 /* Exceptions for "BridgeApp" folder in "Server" target */ = {
			isa = PBXFileSystemSynchronizedBuildFileExceptionSet;
			membershipExceptions = (
				FHEEngine.swift,
			);
			target = 3275F5A32CA16515001E7377 /* Server */;
		};
		32C9CC4E2CA567D800AEDA32 /* Exceptions for "BridgeApp" folder in "Bridge" target */ = {
			isa = PBXFileSystemSynchronizedBuildFileExceptionSet;
			membershipExceptions = (
				Info.plist,
			);
			target = 32B258362C98693800538B23 /* Bridge */;
		};
		32C9CC502CA5681F00AEDA32 /* Exceptions for "BridgeApp" folder in "QLExtension" target */ = {
			isa = PBXFileSystemSynchronizedBuildFileExceptionSet;
			membershipExceptions = (
				FHEEngine.swift,
			);
			target = 324F8E1C2CA43B2100F0BB11 /* QLExtension */;
		};
/* End PBXFileSystemSynchronizedBuildFileExceptionSet section */

/* Begin PBXFileSystemSynchronizedRootGroup section */
		324F8E1F2CA43B2100F0BB11 /* QuickLookExtension */ = {
			isa = PBXFileSystemSynchronizedRootGroup;
			exceptions = (
				324F8E352CA44B1B00F0BB11 /* Exceptions for "QuickLookExtension" folder in "Server" target */,
				324F8E2E2CA43B2100F0BB11 /* Exceptions for "QuickLookExtension" folder in "QLExtension" target */,
			);
			path = QuickLookExtension;
			sourceTree = "<group>";
		};
		32C9CC212CA565A100AEDA32 /* ClientApp */ = {
			isa = PBXFileSystemSynchronizedRootGroup;
			path = ClientApp;
			sourceTree = "<group>";
		};
		32C9CC3D2CA566DC00AEDA32 /* BridgeApp */ = {
			isa = PBXFileSystemSynchronizedRootGroup;
			exceptions = (
				32C9CC4E2CA567D800AEDA32 /* Exceptions for "BridgeApp" folder in "Bridge" target */,
				32C9CC4D2CA567A600AEDA32 /* Exceptions for "BridgeApp" folder in "Server" target */,
				32C9CC502CA5681F00AEDA32 /* Exceptions for "BridgeApp" folder in "QLExtension" target */,
			);
			path = BridgeApp;
			sourceTree = "<group>";
		};
		32C9CC422CA566DC00AEDA32 /* ServerApp */ = {
			isa = PBXFileSystemSynchronizedRootGroup;
			path = ServerApp;
			sourceTree = "<group>";
		};
/* End PBXFileSystemSynchronizedRootGroup section */

/* Begin PBXFrameworksBuildPhase section */
		324F8E1A2CA43B2100F0BB11 /* Frameworks */ = {
			isa = PBXFrameworksBuildPhase;
			buildActionMask = 2147483647;
			files = (
				324F8E3D2CA47BF900F0BB11 /* TFHE.xcframework in Frameworks */,
				324F8E1E2CA43B2100F0BB11 /* QuickLook.framework in Frameworks */,
			);
			runOnlyForDeploymentPostprocessing = 0;
		};
		3275F5A12CA16515001E7377 /* Frameworks */ = {
			isa = PBXFrameworksBuildPhase;
			buildActionMask = 2147483647;
			files = (
				3275F5B42CA1658B001E7377 /* TFHE.xcframework in Frameworks */,
			);
			runOnlyForDeploymentPostprocessing = 0;
		};
		32B258342C98693800538B23 /* Frameworks */ = {
			isa = PBXFrameworksBuildPhase;
			buildActionMask = 2147483647;
			files = (
				3250B3C92C9B2C8B009B48C3 /* TFHE.xcframework in Frameworks */,
			);
			runOnlyForDeploymentPostprocessing = 0;
		};
		32C9CC1D2CA565A100AEDA32 /* Frameworks */ = {
			isa = PBXFrameworksBuildPhase;
			buildActionMask = 2147483647;
			files = (
			);
			runOnlyForDeploymentPostprocessing = 0;
		};
/* End PBXFrameworksBuildPhase section */

/* Begin PBXGroup section */
		3250B3C72C9B2C8B009B48C3 /* Frameworks */ = {
			isa = PBXGroup;
			children = (
				3250B3C82C9B2C8B009B48C3 /* TFHE.xcframework */,
				32F029DA2CA37007009B522D /* QuickLook.framework */,
			);
			name = Frameworks;
			sourceTree = "<group>";
		};
		32B2582E2C98693800538B23 = {
			isa = PBXGroup;
			children = (
				32B258512C9869A700538B23 /* README.md */,
				32C9CC3D2CA566DC00AEDA32 /* BridgeApp */,
				32C9CC422CA566DC00AEDA32 /* ServerApp */,
				324F8E1F2CA43B2100F0BB11 /* QuickLookExtension */,
				32C9CC212CA565A100AEDA32 /* ClientApp */,
				3250B3C72C9B2C8B009B48C3 /* Frameworks */,
				32B258382C98693800538B23 /* Products */,
			);
			sourceTree = "<group>";
		};
		32B258382C98693800538B23 /* Products */ = {
			isa = PBXGroup;
			children = (
				32B258372C98693800538B23 /* FHE Bridge.app */,
				3275F5A42CA16515001E7377 /* FHE Server.app */,
				324F8E1D2CA43B2100F0BB11 /* FHE QuickLookExtension.appex */,
				32C9CC202CA565A100AEDA32 /* FHE Client.app */,
			);
			name = Products;
			sourceTree = "<group>";
		};
/* End PBXGroup section */

/* Begin PBXNativeTarget section */
		324F8E1C2CA43B2100F0BB11 /* QLExtension */ = {
			isa = PBXNativeTarget;
			buildConfigurationList = 324F8E2B2CA43B2100F0BB11 /* Build configuration list for PBXNativeTarget "QLExtension" */;
			buildPhases = (
				324F8E192CA43B2100F0BB11 /* Sources */,
				324F8E1A2CA43B2100F0BB11 /* Frameworks */,
				324F8E1B2CA43B2100F0BB11 /* Resources */,
				324F8E3F2CA47BF900F0BB11 /* Embed Frameworks */,
			);
			buildRules = (
			);
			dependencies = (
			);
			fileSystemSynchronizedGroups = (
				324F8E1F2CA43B2100F0BB11 /* QuickLookExtension */,
			);
			name = QLExtension;
			packageProductDependencies = (
			);
			productName = QuickLookExtension;
			productReference = 324F8E1D2CA43B2100F0BB11 /* FHE QuickLookExtension.appex */;
			productType = "com.apple.product-type.app-extension";
		};
		3275F5A32CA16515001E7377 /* Server */ = {
			isa = PBXNativeTarget;
			buildConfigurationList = 3275F5B12CA16516001E7377 /* Build configuration list for PBXNativeTarget "Server" */;
			buildPhases = (
				3275F5A02CA16515001E7377 /* Sources */,
				3275F5A12CA16515001E7377 /* Frameworks */,
				3275F5A22CA16515001E7377 /* Resources */,
				3275F5B62CA1658B001E7377 /* Embed Frameworks */,
			);
			buildRules = (
			);
			dependencies = (
			);
			fileSystemSynchronizedGroups = (
				32C9CC422CA566DC00AEDA32 /* ServerApp */,
			);
			name = Server;
			packageProductDependencies = (
			);
			productName = FHEServer;
			productReference = 3275F5A42CA16515001E7377 /* FHE Server.app */;
			productType = "com.apple.product-type.application";
		};
		32B258362C98693800538B23 /* Bridge */ = {
			isa = PBXNativeTarget;
			buildConfigurationList = 32B258452C98693900538B23 /* Build configuration list for PBXNativeTarget "Bridge" */;
			buildPhases = (
				32B258332C98693800538B23 /* Sources */,
				32B258342C98693800538B23 /* Frameworks */,
				32B258352C98693800538B23 /* Resources */,
				320927A82C98800A0011F52E /* Embed Frameworks */,
				324F8E2F2CA43B2100F0BB11 /* Embed Foundation Extensions */,
			);
			buildRules = (
			);
			dependencies = (
				324F8E292CA43B2100F0BB11 /* PBXTargetDependency */,
			);
			fileSystemSynchronizedGroups = (
				32C9CC3D2CA566DC00AEDA32 /* BridgeApp */,
			);
			name = Bridge;
			packageProductDependencies = (
			);
			productName = FHEDemo;
			productReference = 32B258372C98693800538B23 /* FHE Bridge.app */;
			productType = "com.apple.product-type.application";
		};
		32C9CC1F2CA565A100AEDA32 /* Client */ = {
			isa = PBXNativeTarget;
			buildConfigurationList = 32C9CC2B2CA565A200AEDA32 /* Build configuration list for PBXNativeTarget "Client" */;
			buildPhases = (
				32C9CC1C2CA565A100AEDA32 /* Sources */,
				32C9CC1D2CA565A100AEDA32 /* Frameworks */,
				32C9CC1E2CA565A100AEDA32 /* Resources */,
			);
			buildRules = (
			);
			dependencies = (
			);
			fileSystemSynchronizedGroups = (
				32C9CC212CA565A100AEDA32 /* ClientApp */,
			);
			name = Client;
			packageProductDependencies = (
			);
			productName = ClientApp;
			productReference = 32C9CC202CA565A100AEDA32 /* FHE Client.app */;
			productType = "com.apple.product-type.application";
		};
/* End PBXNativeTarget section */

/* Begin PBXProject section */
		32B2582F2C98693800538B23 /* Project object */ = {
			isa = PBXProject;
			attributes = {
				BuildIndependentTargetsInParallel = 1;
				LastSwiftUpdateCheck = 1600;
				LastUpgradeCheck = 1600;
				ORGANIZATIONNAME = Zama;
				TargetAttributes = {
					324F8E1C2CA43B2100F0BB11 = {
						CreatedOnToolsVersion = 16.0;
					};
					3275F5A32CA16515001E7377 = {
						CreatedOnToolsVersion = 16.0;
					};
					32B258362C98693800538B23 = {
						CreatedOnToolsVersion = 16.0;
					};
					32C9CC1F2CA565A100AEDA32 = {
						CreatedOnToolsVersion = 16.0;
					};
				};
			};
			buildConfigurationList = 32B258322C98693800538B23 /* Build configuration list for PBXProject "FHEDemo" */;
			developmentRegion = en;
			hasScannedForEncodings = 0;
			knownRegions = (
				en,
				Base,
			);
			mainGroup = 32B2582E2C98693800538B23;
			minimizedProjectReferenceProxies = 1;
			preferredProjectObjectVersion = 77;
			productRefGroup = 32B258382C98693800538B23 /* Products */;
			projectDirPath = "";
			projectRoot = "";
			targets = (
				32B258362C98693800538B23 /* Bridge */,
				3275F5A32CA16515001E7377 /* Server */,
				324F8E1C2CA43B2100F0BB11 /* QLExtension */,
				32C9CC1F2CA565A100AEDA32 /* Client */,
			);
		};
/* End PBXProject section */

/* Begin PBXResourcesBuildPhase section */
		324F8E1B2CA43B2100F0BB11 /* Resources */ = {
			isa = PBXResourcesBuildPhase;
			buildActionMask = 2147483647;
			files = (
			);
			runOnlyForDeploymentPostprocessing = 0;
		};
		3275F5A22CA16515001E7377 /* Resources */ = {
			isa = PBXResourcesBuildPhase;
			buildActionMask = 2147483647;
			files = (
			);
			runOnlyForDeploymentPostprocessing = 0;
		};
		32B258352C98693800538B23 /* Resources */ = {
			isa = PBXResourcesBuildPhase;
			buildActionMask = 2147483647;
			files = (
			);
			runOnlyForDeploymentPostprocessing = 0;
		};
		32C9CC1E2CA565A100AEDA32 /* Resources */ = {
			isa = PBXResourcesBuildPhase;
			buildActionMask = 2147483647;
			files = (
			);
			runOnlyForDeploymentPostprocessing = 0;
		};
/* End PBXResourcesBuildPhase section */

/* Begin PBXSourcesBuildPhase section */
		324F8E192CA43B2100F0BB11 /* Sources */ = {
			isa = PBXSourcesBuildPhase;
			buildActionMask = 2147483647;
			files = (
			);
			runOnlyForDeploymentPostprocessing = 0;
		};
		3275F5A02CA16515001E7377 /* Sources */ = {
			isa = PBXSourcesBuildPhase;
			buildActionMask = 2147483647;
			files = (
			);
			runOnlyForDeploymentPostprocessing = 0;
		};
		32B258332C98693800538B23 /* Sources */ = {
			isa = PBXSourcesBuildPhase;
			buildActionMask = 2147483647;
			files = (
			);
			runOnlyForDeploymentPostprocessing = 0;
		};
		32C9CC1C2CA565A100AEDA32 /* Sources */ = {
			isa = PBXSourcesBuildPhase;
			buildActionMask = 2147483647;
			files = (
			);
			runOnlyForDeploymentPostprocessing = 0;
		};
/* End PBXSourcesBuildPhase section */

/* Begin PBXTargetDependency section */
		324F8E292CA43B2100F0BB11 /* PBXTargetDependency */ = {
			isa = PBXTargetDependency;
			target = 324F8E1C2CA43B2100F0BB11 /* QLExtension */;
			targetProxy = 324F8E282CA43B2100F0BB11 /* PBXContainerItemProxy */;
		};
/* End PBXTargetDependency section */

/* Begin XCBuildConfiguration section */
		324F8E2C2CA43B2100F0BB11 /* Debug */ = {
			isa = XCBuildConfiguration;
			buildSettings = {
				CODE_SIGN_ENTITLEMENTS = QuickLookExtension/Entitlements.entitlements;
				CODE_SIGN_STYLE = Automatic;
				CURRENT_PROJECT_VERSION = 1;
				DEVELOPMENT_TEAM = JCG5NG5ZNH;
				GENERATE_INFOPLIST_FILE = YES;
				INFOPLIST_FILE = QuickLookExtension/Info.plist;
				INFOPLIST_KEY_CFBundleDisplayName = QuickLookExtension;
				INFOPLIST_KEY_NSHumanReadableCopyright = "Copyright © 2024 Zama. All rights reserved.";
				LD_RUNPATH_SEARCH_PATHS = (
					"$(inherited)",
					"@executable_path/Frameworks",
					"@executable_path/../../Frameworks",
				);
				MARKETING_VERSION = 1.0;
				PRODUCT_BUNDLE_IDENTIFIER = com.dimdl.zama.FHEBridge.QuickLookExtension;
				PRODUCT_NAME = "FHE QuickLookExtension";
				SKIP_INSTALL = YES;
				SWIFT_EMIT_LOC_STRINGS = YES;
				SWIFT_VERSION = 5.0;
				TARGETED_DEVICE_FAMILY = "1,2";
			};
			name = Debug;
		};
		324F8E2D2CA43B2100F0BB11 /* Release */ = {
			isa = XCBuildConfiguration;
			buildSettings = {
				CODE_SIGN_ENTITLEMENTS = QuickLookExtension/Entitlements.entitlements;
				CODE_SIGN_STYLE = Automatic;
				CURRENT_PROJECT_VERSION = 1;
				DEVELOPMENT_TEAM = JCG5NG5ZNH;
				GENERATE_INFOPLIST_FILE = YES;
				INFOPLIST_FILE = QuickLookExtension/Info.plist;
				INFOPLIST_KEY_CFBundleDisplayName = QuickLookExtension;
				INFOPLIST_KEY_NSHumanReadableCopyright = "Copyright © 2024 Zama. All rights reserved.";
				LD_RUNPATH_SEARCH_PATHS = (
					"$(inherited)",
					"@executable_path/Frameworks",
					"@executable_path/../../Frameworks",
				);
				MARKETING_VERSION = 1.0;
				PRODUCT_BUNDLE_IDENTIFIER = com.dimdl.zama.FHEBridge.QuickLookExtension;
				PRODUCT_NAME = "FHE QuickLookExtension";
				SKIP_INSTALL = YES;
				SWIFT_EMIT_LOC_STRINGS = YES;
				SWIFT_VERSION = 5.0;
				TARGETED_DEVICE_FAMILY = "1,2";
			};
			name = Release;
		};
		3275F5AF2CA16516001E7377 /* Debug */ = {
			isa = XCBuildConfiguration;
			buildSettings = {
				ASSETCATALOG_COMPILER_APPICON_NAME = AppIcon;
				ASSETCATALOG_COMPILER_GLOBAL_ACCENT_COLOR_NAME = AccentColor;
				CODE_SIGN_ENTITLEMENTS = ServerApp/Entitlements.entitlements;
				CODE_SIGN_STYLE = Automatic;
				CURRENT_PROJECT_VERSION = 1;
				DEVELOPMENT_TEAM = JCG5NG5ZNH;
				ENABLE_PREVIEWS = YES;
				GENERATE_INFOPLIST_FILE = YES;
				INFOPLIST_KEY_UIApplicationSceneManifest_Generation = YES;
				INFOPLIST_KEY_UIApplicationSupportsIndirectInputEvents = YES;
				INFOPLIST_KEY_UILaunchScreen_Generation = YES;
				INFOPLIST_KEY_UISupportedInterfaceOrientations_iPad = "UIInterfaceOrientationPortrait UIInterfaceOrientationPortraitUpsideDown UIInterfaceOrientationLandscapeLeft UIInterfaceOrientationLandscapeRight";
				INFOPLIST_KEY_UISupportedInterfaceOrientations_iPhone = "UIInterfaceOrientationPortrait UIInterfaceOrientationLandscapeLeft UIInterfaceOrientationLandscapeRight";
				INFOPLIST_KEY_UIUserInterfaceStyle = Dark;
				LD_RUNPATH_SEARCH_PATHS = (
					"$(inherited)",
					"@executable_path/Frameworks",
				);
				MARKETING_VERSION = 1.0;
				PRODUCT_BUNDLE_IDENTIFIER = com.dimdl.zama.FHEServer;
				PRODUCT_NAME = "FHE Server";
				SWIFT_EMIT_LOC_STRINGS = YES;
				SWIFT_VERSION = 5.0;
				TARGETED_DEVICE_FAMILY = "1,2";
			};
			name = Debug;
		};
		3275F5B02CA16516001E7377 /* Release */ = {
			isa = XCBuildConfiguration;
			buildSettings = {
				ASSETCATALOG_COMPILER_APPICON_NAME = AppIcon;
				ASSETCATALOG_COMPILER_GLOBAL_ACCENT_COLOR_NAME = AccentColor;
				CODE_SIGN_ENTITLEMENTS = ServerApp/Entitlements.entitlements;
				CODE_SIGN_STYLE = Automatic;
				CURRENT_PROJECT_VERSION = 1;
				DEVELOPMENT_TEAM = JCG5NG5ZNH;
				ENABLE_PREVIEWS = YES;
				GENERATE_INFOPLIST_FILE = YES;
				INFOPLIST_KEY_UIApplicationSceneManifest_Generation = YES;
				INFOPLIST_KEY_UIApplicationSupportsIndirectInputEvents = YES;
				INFOPLIST_KEY_UILaunchScreen_Generation = YES;
				INFOPLIST_KEY_UISupportedInterfaceOrientations_iPad = "UIInterfaceOrientationPortrait UIInterfaceOrientationPortraitUpsideDown UIInterfaceOrientationLandscapeLeft UIInterfaceOrientationLandscapeRight";
				INFOPLIST_KEY_UISupportedInterfaceOrientations_iPhone = "UIInterfaceOrientationPortrait UIInterfaceOrientationLandscapeLeft UIInterfaceOrientationLandscapeRight";
				INFOPLIST_KEY_UIUserInterfaceStyle = Dark;
				LD_RUNPATH_SEARCH_PATHS = (
					"$(inherited)",
					"@executable_path/Frameworks",
				);
				MARKETING_VERSION = 1.0;
				PRODUCT_BUNDLE_IDENTIFIER = com.dimdl.zama.FHEServer;
				PRODUCT_NAME = "FHE Server";
				SWIFT_EMIT_LOC_STRINGS = YES;
				SWIFT_VERSION = 5.0;
				TARGETED_DEVICE_FAMILY = "1,2";
			};
			name = Release;
		};
		32B258432C98693900538B23 /* Debug */ = {
			isa = XCBuildConfiguration;
			buildSettings = {
				ALWAYS_SEARCH_USER_PATHS = NO;
				ASSETCATALOG_COMPILER_GENERATE_SWIFT_ASSET_SYMBOL_EXTENSIONS = YES;
				CLANG_ANALYZER_NONNULL = YES;
				CLANG_ANALYZER_NUMBER_OBJECT_CONVERSION = YES_AGGRESSIVE;
				CLANG_CXX_LANGUAGE_STANDARD = "gnu++20";
				CLANG_ENABLE_MODULES = YES;
				CLANG_ENABLE_OBJC_ARC = YES;
				CLANG_ENABLE_OBJC_WEAK = YES;
				CLANG_WARN_BLOCK_CAPTURE_AUTORELEASING = YES;
				CLANG_WARN_BOOL_CONVERSION = YES;
				CLANG_WARN_COMMA = YES;
				CLANG_WARN_CONSTANT_CONVERSION = YES;
				CLANG_WARN_DEPRECATED_OBJC_IMPLEMENTATIONS = YES;
				CLANG_WARN_DIRECT_OBJC_ISA_USAGE = YES_ERROR;
				CLANG_WARN_DOCUMENTATION_COMMENTS = YES;
				CLANG_WARN_EMPTY_BODY = YES;
				CLANG_WARN_ENUM_CONVERSION = YES;
				CLANG_WARN_INFINITE_RECURSION = YES;
				CLANG_WARN_INT_CONVERSION = YES;
				CLANG_WARN_NON_LITERAL_NULL_CONVERSION = YES;
				CLANG_WARN_OBJC_IMPLICIT_RETAIN_SELF = YES;
				CLANG_WARN_OBJC_LITERAL_CONVERSION = YES;
				CLANG_WARN_OBJC_ROOT_CLASS = YES_ERROR;
				CLANG_WARN_QUOTED_INCLUDE_IN_FRAMEWORK_HEADER = YES;
				CLANG_WARN_RANGE_LOOP_ANALYSIS = YES;
				CLANG_WARN_STRICT_PROTOTYPES = YES;
				CLANG_WARN_SUSPICIOUS_MOVE = YES;
				CLANG_WARN_UNGUARDED_AVAILABILITY = YES_AGGRESSIVE;
				CLANG_WARN_UNREACHABLE_CODE = YES;
				CLANG_WARN__DUPLICATE_METHOD_MATCH = YES;
				COPY_PHASE_STRIP = NO;
				DEBUG_INFORMATION_FORMAT = dwarf;
				ENABLE_STRICT_OBJC_MSGSEND = YES;
				ENABLE_TESTABILITY = YES;
				ENABLE_USER_SCRIPT_SANDBOXING = YES;
				GCC_C_LANGUAGE_STANDARD = gnu17;
				GCC_DYNAMIC_NO_PIC = NO;
				GCC_NO_COMMON_BLOCKS = YES;
				GCC_OPTIMIZATION_LEVEL = 0;
				GCC_PREPROCESSOR_DEFINITIONS = (
					"DEBUG=1",
					"$(inherited)",
				);
				GCC_WARN_64_TO_32_BIT_CONVERSION = YES;
				GCC_WARN_ABOUT_RETURN_TYPE = YES_ERROR;
				GCC_WARN_UNDECLARED_SELECTOR = YES;
				GCC_WARN_UNINITIALIZED_AUTOS = YES_AGGRESSIVE;
				GCC_WARN_UNUSED_FUNCTION = YES;
				GCC_WARN_UNUSED_VARIABLE = YES;
				IPHONEOS_DEPLOYMENT_TARGET = 18.0;
				LOCALIZATION_PREFERS_STRING_CATALOGS = YES;
				MTL_ENABLE_DEBUG_INFO = INCLUDE_SOURCE;
				MTL_FAST_MATH = YES;
				ONLY_ACTIVE_ARCH = YES;
				SDKROOT = iphoneos;
				SWIFT_ACTIVE_COMPILATION_CONDITIONS = "DEBUG $(inherited)";
				SWIFT_OPTIMIZATION_LEVEL = "-Onone";
			};
			name = Debug;
		};
		32B258442C98693900538B23 /* Release */ = {
			isa = XCBuildConfiguration;
			buildSettings = {
				ALWAYS_SEARCH_USER_PATHS = NO;
				ASSETCATALOG_COMPILER_GENERATE_SWIFT_ASSET_SYMBOL_EXTENSIONS = YES;
				CLANG_ANALYZER_NONNULL = YES;
				CLANG_ANALYZER_NUMBER_OBJECT_CONVERSION = YES_AGGRESSIVE;
				CLANG_CXX_LANGUAGE_STANDARD = "gnu++20";
				CLANG_ENABLE_MODULES = YES;
				CLANG_ENABLE_OBJC_ARC = YES;
				CLANG_ENABLE_OBJC_WEAK = YES;
				CLANG_WARN_BLOCK_CAPTURE_AUTORELEASING = YES;
				CLANG_WARN_BOOL_CONVERSION = YES;
				CLANG_WARN_COMMA = YES;
				CLANG_WARN_CONSTANT_CONVERSION = YES;
				CLANG_WARN_DEPRECATED_OBJC_IMPLEMENTATIONS = YES;
				CLANG_WARN_DIRECT_OBJC_ISA_USAGE = YES_ERROR;
				CLANG_WARN_DOCUMENTATION_COMMENTS = YES;
				CLANG_WARN_EMPTY_BODY = YES;
				CLANG_WARN_ENUM_CONVERSION = YES;
				CLANG_WARN_INFINITE_RECURSION = YES;
				CLANG_WARN_INT_CONVERSION = YES;
				CLANG_WARN_NON_LITERAL_NULL_CONVERSION = YES;
				CLANG_WARN_OBJC_IMPLICIT_RETAIN_SELF = YES;
				CLANG_WARN_OBJC_LITERAL_CONVERSION = YES;
				CLANG_WARN_OBJC_ROOT_CLASS = YES_ERROR;
				CLANG_WARN_QUOTED_INCLUDE_IN_FRAMEWORK_HEADER = YES;
				CLANG_WARN_RANGE_LOOP_ANALYSIS = YES;
				CLANG_WARN_STRICT_PROTOTYPES = YES;
				CLANG_WARN_SUSPICIOUS_MOVE = YES;
				CLANG_WARN_UNGUARDED_AVAILABILITY = YES_AGGRESSIVE;
				CLANG_WARN_UNREACHABLE_CODE = YES;
				CLANG_WARN__DUPLICATE_METHOD_MATCH = YES;
				COPY_PHASE_STRIP = NO;
				DEBUG_INFORMATION_FORMAT = "dwarf-with-dsym";
				ENABLE_NS_ASSERTIONS = NO;
				ENABLE_STRICT_OBJC_MSGSEND = YES;
				ENABLE_USER_SCRIPT_SANDBOXING = YES;
				GCC_C_LANGUAGE_STANDARD = gnu17;
				GCC_NO_COMMON_BLOCKS = YES;
				GCC_WARN_64_TO_32_BIT_CONVERSION = YES;
				GCC_WARN_ABOUT_RETURN_TYPE = YES_ERROR;
				GCC_WARN_UNDECLARED_SELECTOR = YES;
				GCC_WARN_UNINITIALIZED_AUTOS = YES_AGGRESSIVE;
				GCC_WARN_UNUSED_FUNCTION = YES;
				GCC_WARN_UNUSED_VARIABLE = YES;
				IPHONEOS_DEPLOYMENT_TARGET = 18.0;
				LOCALIZATION_PREFERS_STRING_CATALOGS = YES;
				MTL_ENABLE_DEBUG_INFO = NO;
				MTL_FAST_MATH = YES;
				SDKROOT = iphoneos;
				SWIFT_COMPILATION_MODE = wholemodule;
				VALIDATE_PRODUCT = YES;
			};
			name = Release;
		};
		32B258462C98693900538B23 /* Debug */ = {
			isa = XCBuildConfiguration;
			buildSettings = {
				ASSETCATALOG_COMPILER_APPICON_NAME = AppIcon;
				ASSETCATALOG_COMPILER_GLOBAL_ACCENT_COLOR_NAME = AccentColor;
				CODE_SIGN_ENTITLEMENTS = BridgeApp/Entitlements.entitlements;
				CODE_SIGN_STYLE = Automatic;
				CURRENT_PROJECT_VERSION = 1;
				DEVELOPMENT_TEAM = JCG5NG5ZNH;
				ENABLE_PREVIEWS = YES;
				GENERATE_INFOPLIST_FILE = YES;
				INFOPLIST_FILE = BridgeApp/Info.plist;
				INFOPLIST_KEY_NSHealthShareUsageDescription = "Allow read access so that we can encrypt your Health data.";
				INFOPLIST_KEY_UIApplicationSceneManifest_Generation = YES;
				INFOPLIST_KEY_UIApplicationSupportsIndirectInputEvents = YES;
				INFOPLIST_KEY_UILaunchScreen_Generation = YES;
				INFOPLIST_KEY_UISupportedInterfaceOrientations_iPad = "UIInterfaceOrientationPortrait UIInterfaceOrientationPortraitUpsideDown UIInterfaceOrientationLandscapeLeft UIInterfaceOrientationLandscapeRight";
				INFOPLIST_KEY_UISupportedInterfaceOrientations_iPhone = "UIInterfaceOrientationPortrait UIInterfaceOrientationLandscapeLeft UIInterfaceOrientationLandscapeRight";
				INFOPLIST_KEY_UIUserInterfaceStyle = Dark;
				LD_RUNPATH_SEARCH_PATHS = (
					"$(inherited)",
					"@executable_path/Frameworks",
				);
				MARKETING_VERSION = 1.0;
				PRODUCT_BUNDLE_IDENTIFIER = com.dimdl.zama.FHEBridge;
				PRODUCT_NAME = "FHE Bridge";
				SWIFT_EMIT_LOC_STRINGS = YES;
				SWIFT_VERSION = 5.0;
				TARGETED_DEVICE_FAMILY = "1,2";
			};
			name = Debug;
		};
		32B258472C98693900538B23 /* Release */ = {
			isa = XCBuildConfiguration;
			buildSettings = {
				ASSETCATALOG_COMPILER_APPICON_NAME = AppIcon;
				ASSETCATALOG_COMPILER_GLOBAL_ACCENT_COLOR_NAME = AccentColor;
				CODE_SIGN_ENTITLEMENTS = BridgeApp/Entitlements.entitlements;
				CODE_SIGN_STYLE = Automatic;
				CURRENT_PROJECT_VERSION = 1;
				DEVELOPMENT_TEAM = JCG5NG5ZNH;
				ENABLE_PREVIEWS = YES;
				GENERATE_INFOPLIST_FILE = YES;
				INFOPLIST_FILE = BridgeApp/Info.plist;
				INFOPLIST_KEY_NSHealthShareUsageDescription = "Allow read access so that we can encrypt your Health data.";
				INFOPLIST_KEY_UIApplicationSceneManifest_Generation = YES;
				INFOPLIST_KEY_UIApplicationSupportsIndirectInputEvents = YES;
				INFOPLIST_KEY_UILaunchScreen_Generation = YES;
				INFOPLIST_KEY_UISupportedInterfaceOrientations_iPad = "UIInterfaceOrientationPortrait UIInterfaceOrientationPortraitUpsideDown UIInterfaceOrientationLandscapeLeft UIInterfaceOrientationLandscapeRight";
				INFOPLIST_KEY_UISupportedInterfaceOrientations_iPhone = "UIInterfaceOrientationPortrait UIInterfaceOrientationLandscapeLeft UIInterfaceOrientationLandscapeRight";
				INFOPLIST_KEY_UIUserInterfaceStyle = Dark;
				LD_RUNPATH_SEARCH_PATHS = (
					"$(inherited)",
					"@executable_path/Frameworks",
				);
				MARKETING_VERSION = 1.0;
				PRODUCT_BUNDLE_IDENTIFIER = com.dimdl.zama.FHEBridge;
				PRODUCT_NAME = "FHE Bridge";
				SWIFT_EMIT_LOC_STRINGS = YES;
				SWIFT_VERSION = 5.0;
				TARGETED_DEVICE_FAMILY = "1,2";
			};
			name = Release;
		};
		32C9CC2C2CA565A200AEDA32 /* Debug */ = {
			isa = XCBuildConfiguration;
			buildSettings = {
				ASSETCATALOG_COMPILER_APPICON_NAME = AppIcon;
				ASSETCATALOG_COMPILER_GLOBAL_ACCENT_COLOR_NAME = AccentColor;
				CODE_SIGN_ENTITLEMENTS = ClientApp/Entitlements.entitlements;
				CODE_SIGN_STYLE = Automatic;
				CURRENT_PROJECT_VERSION = 1;
				DEVELOPMENT_TEAM = JCG5NG5ZNH;
				ENABLE_PREVIEWS = YES;
				GENERATE_INFOPLIST_FILE = YES;
				INFOPLIST_KEY_UIApplicationSceneManifest_Generation = YES;
				INFOPLIST_KEY_UIApplicationSupportsIndirectInputEvents = YES;
				INFOPLIST_KEY_UILaunchScreen_Generation = YES;
				INFOPLIST_KEY_UISupportedInterfaceOrientations_iPad = "UIInterfaceOrientationPortrait UIInterfaceOrientationPortraitUpsideDown UIInterfaceOrientationLandscapeLeft UIInterfaceOrientationLandscapeRight";
				INFOPLIST_KEY_UISupportedInterfaceOrientations_iPhone = "UIInterfaceOrientationPortrait UIInterfaceOrientationLandscapeLeft UIInterfaceOrientationLandscapeRight";
				INFOPLIST_KEY_UIUserInterfaceStyle = Dark;
				LD_RUNPATH_SEARCH_PATHS = (
					"$(inherited)",
					"@executable_path/Frameworks",
				);
				MARKETING_VERSION = 1.0;
				PRODUCT_BUNDLE_IDENTIFIER = com.dimdl.zama.FHEClient;
				PRODUCT_NAME = "FHE Client";
				SWIFT_EMIT_LOC_STRINGS = YES;
				SWIFT_VERSION = 5.0;
				TARGETED_DEVICE_FAMILY = "1,2";
			};
			name = Debug;
		};
		32C9CC2D2CA565A200AEDA32 /* Release */ = {
			isa = XCBuildConfiguration;
			buildSettings = {
				ASSETCATALOG_COMPILER_APPICON_NAME = AppIcon;
				ASSETCATALOG_COMPILER_GLOBAL_ACCENT_COLOR_NAME = AccentColor;
				CODE_SIGN_ENTITLEMENTS = ClientApp/Entitlements.entitlements;
				CODE_SIGN_STYLE = Automatic;
				CURRENT_PROJECT_VERSION = 1;
				DEVELOPMENT_TEAM = JCG5NG5ZNH;
				ENABLE_PREVIEWS = YES;
				GENERATE_INFOPLIST_FILE = YES;
				INFOPLIST_KEY_UIApplicationSceneManifest_Generation = YES;
				INFOPLIST_KEY_UIApplicationSupportsIndirectInputEvents = YES;
				INFOPLIST_KEY_UILaunchScreen_Generation = YES;
				INFOPLIST_KEY_UISupportedInterfaceOrientations_iPad = "UIInterfaceOrientationPortrait UIInterfaceOrientationPortraitUpsideDown UIInterfaceOrientationLandscapeLeft UIInterfaceOrientationLandscapeRight";
				INFOPLIST_KEY_UISupportedInterfaceOrientations_iPhone = "UIInterfaceOrientationPortrait UIInterfaceOrientationLandscapeLeft UIInterfaceOrientationLandscapeRight";
				INFOPLIST_KEY_UIUserInterfaceStyle = Dark;
				LD_RUNPATH_SEARCH_PATHS = (
					"$(inherited)",
					"@executable_path/Frameworks",
				);
				MARKETING_VERSION = 1.0;
				PRODUCT_BUNDLE_IDENTIFIER = com.dimdl.zama.FHEClient;
				PRODUCT_NAME = "FHE Client";
				SWIFT_EMIT_LOC_STRINGS = YES;
				SWIFT_VERSION = 5.0;
				TARGETED_DEVICE_FAMILY = "1,2";
			};
			name = Release;
		};
/* End XCBuildConfiguration section */

/* Begin XCConfigurationList section */
		324F8E2B2CA43B2100F0BB11 /* Build configuration list for PBXNativeTarget "QLExtension" */ = {
			isa = XCConfigurationList;
			buildConfigurations = (
				324F8E2C2CA43B2100F0BB11 /* Debug */,
				324F8E2D2CA43B2100F0BB11 /* Release */,
			);
			defaultConfigurationIsVisible = 0;
			defaultConfigurationName = Release;
		};
		3275F5B12CA16516001E7377 /* Build configuration list for PBXNativeTarget "Server" */ = {
			isa = XCConfigurationList;
			buildConfigurations = (
				3275F5AF2CA16516001E7377 /* Debug */,
				3275F5B02CA16516001E7377 /* Release */,
			);
			defaultConfigurationIsVisible = 0;
			defaultConfigurationName = Release;
		};
		32B258322C98693800538B23 /* Build configuration list for PBXProject "FHEDemo" */ = {
			isa = XCConfigurationList;
			buildConfigurations = (
				32B258432C98693900538B23 /* Debug */,
				32B258442C98693900538B23 /* Release */,
			);
			defaultConfigurationIsVisible = 0;
			defaultConfigurationName = Release;
		};
		32B258452C98693900538B23 /* Build configuration list for PBXNativeTarget "Bridge" */ = {
			isa = XCConfigurationList;
			buildConfigurations = (
				32B258462C98693900538B23 /* Debug */,
				32B258472C98693900538B23 /* Release */,
			);
			defaultConfigurationIsVisible = 0;
			defaultConfigurationName = Release;
		};
		32C9CC2B2CA565A200AEDA32 /* Build configuration list for PBXNativeTarget "Client" */ = {
			isa = XCConfigurationList;
			buildConfigurations = (
				32C9CC2C2CA565A200AEDA32 /* Debug */,
				32C9CC2D2CA565A200AEDA32 /* Release */,
			);
			defaultConfigurationIsVisible = 0;
			defaultConfigurationName = Release;
		};
/* End XCConfigurationList section */
	};
	rootObject = 32B2582F2C98693800538B23 /* Project object */;
}
